<?xml version="1.0" encoding="utf-8"?>
<Project ToolsVersion="4.0" xmlns="http://schemas.microsoft.com/developer/msbuild/2003">
  <ItemGroup>
    <Filter Include="Source Files">
      <UniqueIdentifier>{4FC737F1-C7A5-4376-A066-2A32D752A2FF}</UniqueIdentifier>
      <Extensions>cpp;c;cc;cxx;def;odl;idl;hpj;bat;asm;asmx</Extensions>
    </Filter>
    <Filter Include="Header Files">
      <UniqueIdentifier>{93995380-89BD-4b04-88EB-625FBE52EBFB}</UniqueIdentifier>
      <Extensions>h;hh;hpp;hxx;hm;inl;inc;xsd</Extensions>
    </Filter>
    <Filter Include="Resource Files">
      <UniqueIdentifier>{67DA6AB6-F800-4c08-8B7A-83BB121AAD01}</UniqueIdentifier>
      <Extensions>rc;ico;cur;bmp;dlg;rc2;rct;bin;rgs;gif;jpg;jpeg;jpe;resx;tiff;tif;png;wav;mfcribbon-ms</Extensions>
    </Filter>
  </ItemGroup>
  <ItemGroup>
    <Text Include="ReadMe.txt" />
  </ItemGroup>
  <ItemGroup>
    <ClCompile Include="..\src\activecheck\basechecker.cc">
      <Filter>Source Files</Filter>
    </ClCompile>
    <ClCompile Include="..\src\activecheck\dnschecker.cc">
      <Filter>Source Files</Filter>
    </ClCompile>
    <ClCompile Include="..\src\checkimpl\dnsquery.cc">
      <Filter>Source Files</Filter>
    </ClCompile>
    <ClCompile Include="..\src\activecheck\httpchecker.cc">
      <Filter>Source Files</Filter>
    </ClCompile>
    <ClCompile Include="..\src\checkimpl\httpquery.cc">
      <Filter>Source Files</Filter>
    </ClCompile>
    <ClCompile Include="..\src\activecheck\pingchecker.cc">
      <Filter>Source Files</Filter>
    </ClCompile>
    <ClCompile Include="..\src\checkimpl\pingquery.cc">
      <Filter>Source Files</Filter>
    </ClCompile>
    <ClCompile Include="..\src\activecheck\tcpchecker.cc">
      <Filter>Source Files</Filter>
    </ClCompile>
    <ClCompile Include="..\src\checkimpl\tcpquery.cc">
      <Filter>Source Files</Filter>
    </ClCompile>
    <ClCompile Include="..\sdt_logic.cc">
      <Filter>Source Files</Filter>
    </ClCompile>
    <ClCompile Include="..\src\sdt_core.cc">
      <Filter>Source Files</Filter>
    </ClCompile>
    <ClCompile Include="..\src\tools\netchecker_trafficmonitor.cc">
      <Filter>Source Files</Filter>
    </ClCompile>
  </ItemGroup>
  <ItemGroup>
    <ClInclude Include="..\src\activecheck\basechecker.h">
      <Filter>Header Files</Filter>
    </ClInclude>
    <ClInclude Include="..\src\activecheck\dnschecker.h">
      <Filter>Header Files</Filter>
    </ClInclude>
    <ClInclude Include="..\src\checkimpl\dnsquery.h">
      <Filter>Header Files</Filter>
    </ClInclude>
    <ClInclude Include="..\src\activecheck\httpchecker.h">
      <Filter>Header Files</Filter>
    </ClInclude>
    <ClInclude Include="..\src\checkimpl\httpquery.h">
      <Filter>Header Files</Filter>
    </ClInclude>
    <ClInclude Include="..\src\tools\netstat.h">
      <Filter>Header Files</Filter>
    </ClInclude>
    <ClInclude Include="..\src\activecheck\pingchecker.h">
      <Filter>Header Files</Filter>
    </ClInclude>
    <ClInclude Include="..\src\checkimpl\pingquery.h">
      <Filter>Header Files</Filter>
    </ClInclude>
    <ClInclude Include="..\src\activecheck\tcpchecker.h">
      <Filter>Header Files</Filter>
    </ClInclude>
    <ClInclude Include="..\src\checkimpl\tcpquery.h">
      <Filter>Header Files</Filter>
    </ClInclude>
    <ClInclude Include="..\src\checkimpl\urlparser.h">
      <Filter>Header Files</Filter>
    </ClInclude>
    <ClInclude Include="..\constants.h">
      <Filter>Header Files</Filter>
    </ClInclude>
    <ClInclude Include="..\sdt.h">
      <Filter>Header Files</Filter>
    </ClInclude>
    <ClInclude Include="..\sdt_logic.h">
      <Filter>Header Files</Filter>
    </ClInclude>
    <ClInclude Include="..\src\sdt_core.h">
      <Filter>Header Files</Filter>
    </ClInclude>
  </ItemGroup>
</Project>