// !$*UTF8*$!
{
	archiveVersion = 1;
	classes = {
	};
	objectVersion = 46;
	objects = {

/* Begin PBXBuildFile section */
		3170A02B177887B0004F5DDA /* Foundation.framework in Frameworks */ = {isa = PBXBuildFile; fileRef = 3170A02A177887B0004F5DDA /* Foundation.framework */; };
		4B243A5A1CC101B4006A490F /* appender.cc in Sources */ = {isa = PBXBuildFile; fileRef = 4B243A581CC101B4006A490F /* appender.cc */; };
		4B243A5B1CC101B4006A490F /* formater.cc in Sources */ = {isa = PBXBuildFile; fileRef = 4B243A591CC101B4006A490F /* formater.cc */; };
		4B5CA0DB1E6D497D00EBC1A6 /* log_crypt.cc in Sources */ = {isa = PBXBuildFile; fileRef = 4B5CA0D91E6D497D00EBC1A6 /* log_crypt.cc */; };
		4B97EE421EEE6D3A00C9109A /* asm_arm.inc in Sources */ = {isa = PBXBuildFile; fileRef = 4B97EE221EEE6D3A00C9109A /* asm_arm.inc */; };
		4B97EE431EEE6D3A00C9109A /* asm_arm_mult_square.inc in Sources */ = {isa = PBXBuildFile; fileRef = 4B97EE231EEE6D3A00C9109A /* asm_arm_mult_square.inc */; };
		4B97EE441EEE6D3A00C9109A /* asm_arm_mult_square_umaal.inc in Sources */ = {isa = PBXBuildFile; fileRef = 4B97EE241EEE6D3A00C9109A /* asm_arm_mult_square_umaal.inc */; };
		4B97EE451EEE6D3A00C9109A /* asm_avr.inc in Sources */ = {isa = PBXBuildFile; fileRef = 4B97EE251EEE6D3A00C9109A /* asm_avr.inc */; };
		4B97EE461EEE6D3A00C9109A /* asm_avr_mult_square.inc in Sources */ = {isa = PBXBuildFile; fileRef = 4B97EE261EEE6D3A00C9109A /* asm_avr_mult_square.inc */; };
		4B97EE471EEE6D3A00C9109A /* curve-specific.inc in Sources */ = {isa = PBXBuildFile; fileRef = 4B97EE271EEE6D3A00C9109A /* curve-specific.inc */; };
		4B97EE481EEE6D3A00C9109A /* platform-specific.inc in Sources */ = {isa = PBXBuildFile; fileRef = 4B97EE2F1EEE6D3A00C9109A /* platform-specific.inc */; };
		4B97EE4E1EEE6D3A00C9109A /* uECC.c in Sources */ = {isa = PBXBuildFile; fileRef = 4B97EE3F1EEE6D3A00C9109A /* uECC.c */; };
		4BAD09871D34CE8A006BC5B0 /* log_buffer.cc in Sources */ = {isa = PBXBuildFile; fileRef = 4BAD09851D34CE8A006BC5B0 /* log_buffer.cc */; };
/* End PBXBuildFile section */

/* Begin PBXCopyFilesBuildPhase section */
		3170A025177887B0004F5DDA /* CopyFiles */ = {
			isa = PBXCopyFilesBuildPhase;
			buildActionMask = 2147483647;
			dstPath = "include/${PRODUCT_NAME}";
			dstSubfolderSpec = 16;
			files = (
			);
			runOnlyForDeploymentPostprocessing = 0;
		};
/* End PBXCopyFilesBuildPhase section */

/* Begin PBXFileReference section */
		1F25B31E1CD337E700AC1003 /* appender.h */ = {isa = PBXFileReference; fileEncoding = 4; lastKnownFileType = sourcecode.c.h; path = appender.h; sourceTree = "<group>"; };
		3170A027177887B0004F5DDA /* liblog.a */ = {isa = PBXFileReference; explicitFileType = archive.ar; includeInIndex = 0; path = liblog.a; sourceTree = BUILT_PRODUCTS_DIR; };
		3170A02A177887B0004F5DDA /* Foundation.framework */ = {isa = PBXFileReference; lastKnownFileType = wrapper.framework; name = Foundation.framework; path = System/Library/Frameworks/Foundation.framework; sourceTree = SDKROOT; };
		4B243A581CC101B4006A490F /* appender.cc */ = {isa = PBXFileReference; fileEncoding = 4; lastKnownFileType = sourcecode.cpp.cpp; path = appender.cc; sourceTree = "<group>"; };
		4B243A591CC101B4006A490F /* formater.cc */ = {isa = PBXFileReference; fileEncoding = 4; lastKnownFileType = sourcecode.cpp.cpp; path = formater.cc; sourceTree = "<group>"; };
		4B5CA0D91E6D497D00EBC1A6 /* log_crypt.cc */ = {isa = PBXFileReference; fileEncoding = 4; lastKnownFileType = sourcecode.cpp.cpp; path = log_crypt.cc; sourceTree = "<group>"; };
		4B5CA0DA1E6D497D00EBC1A6 /* log_crypt.h */ = {isa = PBXFileReference; fileEncoding = 4; lastKnownFileType = sourcecode.c.h; path = log_crypt.h; sourceTree = "<group>"; };
		4B97EE221EEE6D3A00C9109A /* asm_arm.inc */ = {isa = PBXFileReference; fileEncoding = 4; lastKnownFileType = sourcecode.pascal; path = asm_arm.inc; sourceTree = "<group>"; };
		4B97EE231EEE6D3A00C9109A /* asm_arm_mult_square.inc */ = {isa = PBXFileReference; fileEncoding = 4; lastKnownFileType = sourcecode.pascal; path = asm_arm_mult_square.inc; sourceTree = "<group>"; };
		4B97EE241EEE6D3A00C9109A /* asm_arm_mult_square_umaal.inc */ = {isa = PBXFileReference; fileEncoding = 4; lastKnownFileType = sourcecode.pascal; path = asm_arm_mult_square_umaal.inc; sourceTree = "<group>"; };
		4B97EE251EEE6D3A00C9109A /* asm_avr.inc */ = {isa = PBXFileReference; fileEncoding = 4; lastKnownFileType = sourcecode.pascal; path = asm_avr.inc; sourceTree = "<group>"; };
		4B97EE261EEE6D3A00C9109A /* asm_avr_mult_square.inc */ = {isa = PBXFileReference; fileEncoding = 4; lastKnownFileType = sourcecode.pascal; path = asm_avr_mult_square.inc; sourceTree = "<group>"; };
		4B97EE271EEE6D3A00C9109A /* curve-specific.inc */ = {isa = PBXFileReference; fileEncoding = 4; lastKnownFileType = sourcecode.pascal; path = "curve-specific.inc"; sourceTree = "<group>"; };
		4B97EE2F1EEE6D3A00C9109A /* platform-specific.inc */ = {isa = PBXFileReference; fileEncoding = 4; lastKnownFileType = sourcecode.pascal; path = "platform-specific.inc"; sourceTree = "<group>"; };
		4B97EE3E1EEE6D3A00C9109A /* types.h */ = {isa = PBXFileReference; fileEncoding = 4; lastKnownFileType = sourcecode.c.h; path = types.h; sourceTree = "<group>"; };
		4B97EE3F1EEE6D3A00C9109A /* uECC.c */ = {isa = PBXFileReference; fileEncoding = 4; lastKnownFileType = sourcecode.c.c; path = uECC.c; sourceTree = "<group>"; };
		4B97EE401EEE6D3A00C9109A /* uECC.h */ = {isa = PBXFileReference; fileEncoding = 4; lastKnownFileType = sourcecode.c.h; path = uECC.h; sourceTree = "<group>"; };
		4B97EE411EEE6D3A00C9109A /* uECC_vli.h */ = {isa = PBXFileReference; fileEncoding = 4; lastKnownFileType = sourcecode.c.h; path = uECC_vli.h; sourceTree = "<group>"; };
		4BAD09851D34CE8A006BC5B0 /* log_buffer.cc */ = {isa = PBXFileReference; fileEncoding = 4; lastKnownFileType = sourcecode.cpp.cpp; path = log_buffer.cc; sourceTree = "<group>"; };
		4BAD09861D34CE8A006BC5B0 /* log_buffer.h */ = {isa = PBXFileReference; fileEncoding = 4; lastKnownFileType = sourcecode.c.h; path = log_buffer.h; sourceTree = "<group>"; };
/* End PBXFileReference section */

/* Begin PBXFrameworksBuildPhase section */
		3170A024177887B0004F5DDA /* Frameworks */ = {
			isa = PBXFrameworksBuildPhase;
			buildActionMask = 2147483647;
			files = (
				3170A02B177887B0004F5DDA /* Foundation.framework in Frameworks */,
			);
			runOnlyForDeploymentPostprocessing = 0;
		};
/* End PBXFrameworksBuildPhase section */

/* Begin PBXGroup section */
		13811790197552A70007B832 /* src */ = {
			isa = PBXGroup;
			children = (
				4BAD09851D34CE8A006BC5B0 /* log_buffer.cc */,
				4BAD09861D34CE8A006BC5B0 /* log_buffer.h */,
				4B243A581CC101B4006A490F /* appender.cc */,
				4B243A591CC101B4006A490F /* formater.cc */,
			);
			path = src;
			sourceTree = "<group>";
		};
		3170A01E177887B0004F5DDA = {
			isa = PBXGroup;
			children = (
				4B5CA0D71E6D497D00EBC1A6 /* crypt */,
				1F25B31E1CD337E700AC1003 /* appender.h */,
				13811790197552A70007B832 /* src */,
				3170A029177887B0004F5DDA /* Frameworks */,
				3170A028177887B0004F5DDA /* Products */,
			);
			sourceTree = "<group>";
		};
		3170A028177887B0004F5DDA /* Products */ = {
			isa = PBXGroup;
			children = (
				3170A027177887B0004F5DDA /* liblog.a */,
			);
			name = Products;
			sourceTree = "<group>";
		};
		3170A029177887B0004F5DDA /* Frameworks */ = {
			isa = PBXGroup;
			children = (
				3170A02A177887B0004F5DDA /* Foundation.framework */,
			);
			name = Frameworks;
			sourceTree = "<group>";
		};
		4B5CA0D71E6D497D00EBC1A6 /* crypt */ = {
			isa = PBXGroup;
			children = (
				4B97EE1E1EEE6D3A00C9109A /* micro-ecc-master */,
				4B5CA0D91E6D497D00EBC1A6 /* log_crypt.cc */,
				4B5CA0DA1E6D497D00EBC1A6 /* log_crypt.h */,
			);
			path = crypt;
			sourceTree = "<group>";
		};
		4B97EE1E1EEE6D3A00C9109A /* micro-ecc-master */ = {
			isa = PBXGroup;
			children = (
				4B97EE221EEE6D3A00C9109A /* asm_arm.inc */,
				4B97EE231EEE6D3A00C9109A /* asm_arm_mult_square.inc */,
				4B97EE241EEE6D3A00C9109A /* asm_arm_mult_square_umaal.inc */,
				4B97EE251EEE6D3A00C9109A /* asm_avr.inc */,
				4B97EE261EEE6D3A00C9109A /* asm_avr_mult_square.inc */,
				4B97EE271EEE6D3A00C9109A /* curve-specific.inc */,
				4B97EE2F1EEE6D3A00C9109A /* platform-specific.inc */,
				4B97EE3E1EEE6D3A00C9109A /* types.h */,
				4B97EE3F1EEE6D3A00C9109A /* uECC.c */,
				4B97EE401EEE6D3A00C9109A /* uECC.h */,
				4B97EE411EEE6D3A00C9109A /* uECC_vli.h */,
			);
			path = "micro-ecc-master";
			sourceTree = "<group>";
		};
/* End PBXGroup section */

/* Begin PBXNativeTarget section */
		3170A026177887B0004F5DDA /* log */ = {
			isa = PBXNativeTarget;
			buildConfigurationList = 3170A035177887B0004F5DDA /* Build configuration list for PBXNativeTarget "log" */;
			buildPhases = (
				3170A023177887B0004F5DDA /* Sources */,
				3170A024177887B0004F5DDA /* Frameworks */,
				3170A025177887B0004F5DDA /* CopyFiles */,
			);
			buildRules = (
			);
			dependencies = (
			);
			name = log;
			productName = PublicComponent;
			productReference = 3170A027177887B0004F5DDA /* liblog.a */;
			productType = "com.apple.product-type.library.static";
		};
/* End PBXNativeTarget section */

/* Begin PBXProject section */
		3170A01F177887B0004F5DDA /* Project object */ = {
			isa = PBXProject;
			attributes = {
				LastUpgradeCheck = 0720;
				ORGANIZATIONNAME = Tencent;
			};
			buildConfigurationList = 3170A022177887B0004F5DDA /* Build configuration list for PBXProject "log" */;
			compatibilityVersion = "Xcode 3.2";
			developmentRegion = English;
			hasScannedForEncodings = 0;
			knownRegions = (
				en,
			);
			mainGroup = 3170A01E177887B0004F5DDA;
			productRefGroup = 3170A028177887B0004F5DDA /* Products */;
			projectDirPath = "";
			projectRoot = "";
			targets = (
				3170A026177887B0004F5DDA /* log */,
			);
		};
/* End PBXProject section */

/* Begin PBXSourcesBuildPhase section */
		3170A023177887B0004F5DDA /* Sources */ = {
			isa = PBXSourcesBuildPhase;
			buildActionMask = 2147483647;
			files = (
				4B97EE431EEE6D3A00C9109A /* asm_arm_mult_square.inc in Sources */,
				4B97EE481EEE6D3A00C9109A /* platform-specific.inc in Sources */,
				4BAD09871D34CE8A006BC5B0 /* log_buffer.cc in Sources */,
				4B243A5A1CC101B4006A490F /* appender.cc in Sources */,
				4B97EE4E1EEE6D3A00C9109A /* uECC.c in Sources */,
				4B97EE421EEE6D3A00C9109A /* asm_arm.inc in Sources */,
				4B97EE471EEE6D3A00C9109A /* curve-specific.inc in Sources */,
				4B97EE461EEE6D3A00C9109A /* asm_avr_mult_square.inc in Sources */,
				4B97EE441EEE6D3A00C9109A /* asm_arm_mult_square_umaal.inc in Sources */,
				4B97EE451EEE6D3A00C9109A /* asm_avr.inc in Sources */,
				4B243A5B1CC101B4006A490F /* formater.cc in Sources */,
				4B5CA0DB1E6D497D00EBC1A6 /* log_crypt.cc in Sources */,
			);
			runOnlyForDeploymentPostprocessing = 0;
		};
/* End PBXSourcesBuildPhase section */

/* Begin XCBuildConfiguration section */
		3170A033177887B0004F5DDA /* Debug */ = {
			isa = XCBuildConfiguration;
			buildSettings = {
				ALWAYS_SEARCH_USER_PATHS = NO;
				CLANG_CXX_LANGUAGE_STANDARD = "gnu++0x";
				CLANG_CXX_LIBRARY = "libc++";
				CLANG_WARN_CONSTANT_CONVERSION = YES;
				CLANG_WARN_EMPTY_BODY = YES;
				CLANG_WARN_ENUM_CONVERSION = YES;
				CLANG_WARN_INT_CONVERSION = YES;
				CLANG_WARN__DUPLICATE_METHOD_MATCH = YES;
				COPY_PHASE_STRIP = NO;
				ENABLE_TESTABILITY = YES;
				GCC_C_LANGUAGE_STANDARD = gnu99;
				GCC_DYNAMIC_NO_PIC = NO;
				GCC_OPTIMIZATION_LEVEL = 0;
				GCC_PREPROCESSOR_DEFINITIONS = (
					"DEBUG=1",
					"$(inherited)",
				);
				GCC_SYMBOLS_PRIVATE_EXTERN = NO;
				GCC_WARN_ABOUT_RETURN_TYPE = YES;
				GCC_WARN_UNINITIALIZED_AUTOS = YES;
				GCC_WARN_UNUSED_VARIABLE = YES;
				IPHONEOS_DEPLOYMENT_TARGET = 7.0;
				ONLY_ACTIVE_ARCH = YES;
				SDKROOT = iphoneos;
			};
			name = Debug;
		};
		3170A034177887B0004F5DDA /* Release */ = {
			isa = XCBuildConfiguration;
			buildSettings = {
				ALWAYS_SEARCH_USER_PATHS = NO;
				CLANG_CXX_LANGUAGE_STANDARD = "gnu++0x";
				CLANG_CXX_LIBRARY = "libc++";
				CLANG_WARN_CONSTANT_CONVERSION = YES;
				CLANG_WARN_EMPTY_BODY = YES;
				CLANG_WARN_ENUM_CONVERSION = YES;
				CLANG_WARN_INT_CONVERSION = YES;
				CLANG_WARN__DUPLICATE_METHOD_MATCH = YES;
				COPY_PHASE_STRIP = YES;
				GCC_C_LANGUAGE_STANDARD = gnu99;
				GCC_PREPROCESSOR_DEFINITIONS = "NDEBUG=1";
				GCC_WARN_ABOUT_RETURN_TYPE = YES;
				GCC_WARN_UNINITIALIZED_AUTOS = YES;
				GCC_WARN_UNUSED_VARIABLE = YES;
				IPHONEOS_DEPLOYMENT_TARGET = 7.0;
				SDKROOT = iphoneos;
				VALIDATE_PRODUCT = YES;
			};
			name = Release;
		};
		3170A036177887B0004F5DDA /* Debug */ = {
			isa = XCBuildConfiguration;
			buildSettings = {
				CLANG_CXX_LANGUAGE_STANDARD = "gnu++0x";
				CLANG_CXX_LIBRARY = "libc++";
				CLANG_DEBUG_INFORMATION_LEVEL = default;
				DEAD_CODE_STRIPPING = YES;
				DEPLOYMENT_POSTPROCESSING = NO;
				DSTROOT = "/tmp/$(PROJECT_NAME).dst";
				ENABLE_BITCODE = NO;
				GCC_C_LANGUAGE_STANDARD = c99;
				GCC_ENABLE_CPP_EXCEPTIONS = NO;
				GCC_ENABLE_OBJC_EXCEPTIONS = NO;
				GCC_INLINES_ARE_PRIVATE_EXTERN = YES;
				GCC_PRECOMPILE_PREFIX_HEADER = YES;
				GCC_PREFIX_HEADER = "";
				GCC_PREPROCESSOR_DEFINITIONS = (
					"DEBUG=1",
					MACOS,
					"XLOGGER_TAG='\"mars::$(PROJECT_NAME)\"'",
				);
				GCC_SYMBOLS_PRIVATE_EXTERN = YES;
				GCC_VERSION = "";
				GCC_WARN_ABOUT_MISSING_PROTOTYPES = NO;
				GCC_WARN_UNUSED_FUNCTION = YES;
				HEADER_SEARCH_PATHS = (
					$SOURCE_ROOT/,
					$SOURCE_ROOT/../,
					$SOURCE_ROOT/../../,
					$SOURCE_ROOT/../comm,
					$SOURCE_ROOT/../openssl/include,
				);
				IPHONEOS_DEPLOYMENT_TARGET = 7.0;
				MACH_O_TYPE = staticlib;
				ONLY_ACTIVE_ARCH = NO;
				OTHER_CPLUSPLUSFLAGS = (
					"$(OTHER_CFLAGS)",
					"-fno-exceptions",
				);
				OTHER_LDFLAGS = "-ObjC";
				PRODUCT_NAME = "$(TARGET_NAME)";
				SKIP_INSTALL = YES;
				STRIP_INSTALLED_PRODUCT = YES;
				STRIP_STYLE = all;
				VALID_ARCHS = "i386 armv7 arm64 x86_64";
			};
			name = Debug;
		};
		3170A037177887B0004F5DDA /* Release */ = {
			isa = XCBuildConfiguration;
			buildSettings = {
				CLANG_CXX_LANGUAGE_STANDARD = "gnu++0x";
				CLANG_CXX_LIBRARY = "libc++";
				CLANG_DEBUG_INFORMATION_LEVEL = "line-tables-only";
				DEAD_CODE_STRIPPING = YES;
				DEPLOYMENT_POSTPROCESSING = NO;
				DSTROOT = "/tmp/$(PROJECT_NAME).dst";
				ENABLE_BITCODE = NO;
				GCC_C_LANGUAGE_STANDARD = c99;
				GCC_ENABLE_CPP_EXCEPTIONS = NO;
				GCC_ENABLE_OBJC_EXCEPTIONS = NO;
				GCC_INLINES_ARE_PRIVATE_EXTERN = YES;
				GCC_PRECOMPILE_PREFIX_HEADER = YES;
				GCC_PREFIX_HEADER = "";
				GCC_PREPROCESSOR_DEFINITIONS = (
					"NDEBUG=1",
					MACOS,
					"XLOGGER_TAG='\"mars::$(PROJECT_NAME)\"'",
				);
				GCC_SYMBOLS_PRIVATE_EXTERN = YES;
				GCC_VERSION = "";
				GCC_WARN_ABOUT_MISSING_PROTOTYPES = NO;
				GCC_WARN_UNUSED_FUNCTION = YES;
				HEADER_SEARCH_PATHS = (
					$SOURCE_ROOT/,
					$SOURCE_ROOT/../,
					$SOURCE_ROOT/../../,
					$SOURCE_ROOT/../comm,
					$SOURCE_ROOT/../openssl/include,
				);
				IPHONEOS_DEPLOYMENT_TARGET = 7.0;
				MACH_O_TYPE = staticlib;
				ONLY_ACTIVE_ARCH = NO;
				OTHER_CPLUSPLUSFLAGS = (
					"$(OTHER_CFLAGS)",
					"-fno-exceptions",
				);
				OTHER_LDFLAGS = "-ObjC";
				PRODUCT_NAME = "$(TARGET_NAME)";
				SKIP_INSTALL = YES;
				STRIP_INSTALLED_PRODUCT = YES;
				STRIP_STYLE = all;
				VALID_ARCHS = "i386 armv7 arm64 x86_64";
			};
			name = Release;
		};
/* End XCBuildConfiguration section */

/* Begin XCConfigurationList section */
		3170A022177887B0004F5DDA /* Build configuration list for PBXProject "log" */ = {
			isa = XCConfigurationList;
			buildConfigurations = (
				3170A033177887B0004F5DDA /* Debug */,
				3170A034177887B0004F5DDA /* Release */,
			);
			defaultConfigurationIsVisible = 0;
			defaultConfigurationName = Release;
		};
		3170A035177887B0004F5DDA /* Build configuration list for PBXNativeTarget "log" */ = {
			isa = XCConfigurationList;
			buildConfigurations = (
				3170A036177887B0004F5DDA /* Debug */,
				3170A037177887B0004F5DDA /* Release */,
			);
			defaultConfigurationIsVisible = 0;
			defaultConfigurationName = Release;
		};
/* End XCConfigurationList section */
	};
	rootObject = 3170A01F177887B0004F5DDA /* Project object */;
}
