// !$*UTF8*$!
{
	archiveVersion = 1;
	classes = {
	};
	objectVersion = 46;
	objects = {

/* Begin PBXBuildFile section */
		029F91731E250CB8000CA522 /* LoginViewController.m in Sources */ = {isa = PBXBuildFile; fileRef = 029F91721E250CB8000CA522 /* LoginViewController.m */; };
		029F91801E251205000CA522 /* Chat.pbobjc.m in Sources */ = {isa = PBXBuildFile; fileRef = 029F91751E251205000CA522 /* Chat.pbobjc.m */; settings = {COMPILER_FLAGS = "-fno-objc-arc"; }; };
		029F91811E251205000CA522 /* chat.proto in Resources */ = {isa = PBXBuildFile; fileRef = 029F91761E251205000CA522 /* chat.proto */; };
		029F91821E251205000CA522 /* Main.pbobjc.m in Sources */ = {isa = PBXBuildFile; fileRef = 029F91781E251205000CA522 /* Main.pbobjc.m */; settings = {COMPILER_FLAGS = "-fno-objc-arc"; }; };
		029F91831E251205000CA522 /* main.proto in Resources */ = {isa = PBXBuildFile; fileRef = 029F91791E251205000CA522 /* main.proto */; };
		029F91841E251205000CA522 /* Messagepush.pbobjc.m in Sources */ = {isa = PBXBuildFile; fileRef = 029F917B1E251205000CA522 /* Messagepush.pbobjc.m */; settings = {COMPILER_FLAGS = "-fno-objc-arc"; }; };
		029F91851E251205000CA522 /* messagepush.proto in Resources */ = {isa = PBXBuildFile; fileRef = 029F917C1E251205000CA522 /* messagepush.proto */; };
		029F91861E251205000CA522 /* Person.pbobjc.m in Sources */ = {isa = PBXBuildFile; fileRef = 029F917E1E251205000CA522 /* Person.pbobjc.m */; settings = {COMPILER_FLAGS = "-fno-objc-arc"; }; };
		029F91871E251205000CA522 /* Person.proto in Resources */ = {isa = PBXBuildFile; fileRef = 029F917F1E251205000CA522 /* Person.proto */; };
		029F91C71E251214000CA522 /* Any.pbobjc.m in Sources */ = {isa = PBXBuildFile; fileRef = 029F918A1E251213000CA522 /* Any.pbobjc.m */; settings = {COMPILER_FLAGS = "-fno-objc-arc"; }; };
		029F91C81E251214000CA522 /* Api.pbobjc.m in Sources */ = {isa = PBXBuildFile; fileRef = 029F918C1E251213000CA522 /* Api.pbobjc.m */; settings = {COMPILER_FLAGS = "-fno-objc-arc"; }; };
		029F91C91E251214000CA522 /* Duration.pbobjc.m in Sources */ = {isa = PBXBuildFile; fileRef = 029F918E1E251213000CA522 /* Duration.pbobjc.m */; settings = {COMPILER_FLAGS = "-fno-objc-arc"; }; };
		029F91CA1E251214000CA522 /* Empty.pbobjc.m in Sources */ = {isa = PBXBuildFile; fileRef = 029F91901E251213000CA522 /* Empty.pbobjc.m */; settings = {COMPILER_FLAGS = "-fno-objc-arc"; }; };
		029F91CB1E251214000CA522 /* FieldMask.pbobjc.m in Sources */ = {isa = PBXBuildFile; fileRef = 029F91921E251213000CA522 /* FieldMask.pbobjc.m */; settings = {COMPILER_FLAGS = "-fno-objc-arc"; }; };
		029F91CC1E251214000CA522 /* GPBArray.m in Sources */ = {isa = PBXBuildFile; fileRef = 029F91941E251213000CA522 /* GPBArray.m */; settings = {COMPILER_FLAGS = "-fno-objc-arc"; }; };
		029F91CD1E251214000CA522 /* GPBCodedInputStream.m in Sources */ = {isa = PBXBuildFile; fileRef = 029F91981E251213000CA522 /* GPBCodedInputStream.m */; settings = {COMPILER_FLAGS = "-fno-objc-arc"; }; };
		029F91CE1E251214000CA522 /* GPBCodedOutputStream.m in Sources */ = {isa = PBXBuildFile; fileRef = 029F919B1E251213000CA522 /* GPBCodedOutputStream.m */; settings = {COMPILER_FLAGS = "-fno-objc-arc"; }; };
		029F91CF1E251214000CA522 /* GPBDescriptor.m in Sources */ = {isa = PBXBuildFile; fileRef = 029F919E1E251213000CA522 /* GPBDescriptor.m */; settings = {COMPILER_FLAGS = "-fno-objc-arc"; }; };
		029F91D01E251214000CA522 /* GPBDictionary.m in Sources */ = {isa = PBXBuildFile; fileRef = 029F91A11E251213000CA522 /* GPBDictionary.m */; settings = {COMPILER_FLAGS = "-fno-objc-arc"; }; };
		029F91D11E251214000CA522 /* GPBExtensionInternals.m in Sources */ = {isa = PBXBuildFile; fileRef = 029F91A41E251213000CA522 /* GPBExtensionInternals.m */; settings = {COMPILER_FLAGS = "-fno-objc-arc"; }; };
		029F91D21E251214000CA522 /* GPBExtensionRegistry.m in Sources */ = {isa = PBXBuildFile; fileRef = 029F91A61E251213000CA522 /* GPBExtensionRegistry.m */; settings = {COMPILER_FLAGS = "-fno-objc-arc"; }; };
		029F91D31E251214000CA522 /* GPBMessage.m in Sources */ = {isa = PBXBuildFile; fileRef = 029F91A81E251213000CA522 /* GPBMessage.m */; settings = {COMPILER_FLAGS = "-fno-objc-arc"; }; };
		029F91D41E251214000CA522 /* GPBRootObject.m in Sources */ = {isa = PBXBuildFile; fileRef = 029F91AD1E251213000CA522 /* GPBRootObject.m */; settings = {COMPILER_FLAGS = "-fno-objc-arc"; }; };
		029F91D51E251214000CA522 /* GPBUnknownField.m in Sources */ = {isa = PBXBuildFile; fileRef = 029F91B11E251214000CA522 /* GPBUnknownField.m */; settings = {COMPILER_FLAGS = "-fno-objc-arc"; }; };
		029F91D61E251214000CA522 /* GPBUnknownFieldSet.m in Sources */ = {isa = PBXBuildFile; fileRef = 029F91B41E251214000CA522 /* GPBUnknownFieldSet.m */; settings = {COMPILER_FLAGS = "-fno-objc-arc"; }; };
		029F91D71E251214000CA522 /* GPBUtilities.m in Sources */ = {isa = PBXBuildFile; fileRef = 029F91B71E251214000CA522 /* GPBUtilities.m */; settings = {COMPILER_FLAGS = "-fno-objc-arc"; }; };
		029F91D81E251214000CA522 /* GPBWellKnownTypes.m in Sources */ = {isa = PBXBuildFile; fileRef = 029F91BA1E251214000CA522 /* GPBWellKnownTypes.m */; settings = {COMPILER_FLAGS = "-fno-objc-arc"; }; };
		029F91D91E251214000CA522 /* GPBWireFormat.m in Sources */ = {isa = PBXBuildFile; fileRef = 029F91BC1E251214000CA522 /* GPBWireFormat.m */; settings = {COMPILER_FLAGS = "-fno-objc-arc"; }; };
		029F91DA1E251214000CA522 /* SourceContext.pbobjc.m in Sources */ = {isa = PBXBuildFile; fileRef = 029F91BE1E251214000CA522 /* SourceContext.pbobjc.m */; settings = {COMPILER_FLAGS = "-fno-objc-arc"; }; };
		029F91DB1E251214000CA522 /* Struct.pbobjc.m in Sources */ = {isa = PBXBuildFile; fileRef = 029F91C01E251214000CA522 /* Struct.pbobjc.m */; settings = {COMPILER_FLAGS = "-fno-objc-arc"; }; };
		029F91DC1E251214000CA522 /* Timestamp.pbobjc.m in Sources */ = {isa = PBXBuildFile; fileRef = 029F91C21E251214000CA522 /* Timestamp.pbobjc.m */; settings = {COMPILER_FLAGS = "-fno-objc-arc"; }; };
		029F91DD1E251214000CA522 /* Type.pbobjc.m in Sources */ = {isa = PBXBuildFile; fileRef = 029F91C41E251214000CA522 /* Type.pbobjc.m */; settings = {COMPILER_FLAGS = "-fno-objc-arc"; }; };
		029F91DE1E251214000CA522 /* Wrappers.pbobjc.m in Sources */ = {isa = PBXBuildFile; fileRef = 029F91C61E251214000CA522 /* Wrappers.pbobjc.m */; settings = {COMPILER_FLAGS = "-fno-objc-arc"; }; };
		1F08C1401DE81A360098EB97 /* DemoEntryController.m in Sources */ = {isa = PBXBuildFile; fileRef = 1F08C13F1DE81A360098EB97 /* DemoEntryController.m */; };
		1F08C1491DE822700098EB97 /* MessageItemsController.m in Sources */ = {isa = PBXBuildFile; fileRef = 1F08C1481DE822700098EB97 /* MessageItemsController.m */; };
		1F08C14C1DE8228D0098EB97 /* MessagesController.m in Sources */ = {isa = PBXBuildFile; fileRef = 1F08C14B1DE8228D0098EB97 /* MessagesController.m */; };
		1F08C14F1DE8238E0098EB97 /* PingServerController.m in Sources */ = {isa = PBXBuildFile; fileRef = 1F08C14E1DE8238E0098EB97 /* PingServerController.m */; };
		1F08C1561DE841D90098EB97 /* TopicViewController.m in Sources */ = {isa = PBXBuildFile; fileRef = 1F08C1551DE841D90098EB97 /* TopicViewController.m */; };
		1F244E731DE6E831005D1BAC /* NetworkEvent.m in Sources */ = {isa = PBXBuildFile; fileRef = 1F244E721DE6E831005D1BAC /* NetworkEvent.m */; };
		1F2671C81DD2C227003F00A1 /* shortlink_packer.cc in Sources */ = {isa = PBXBuildFile; fileRef = 1F2671C61DD2C227003F00A1 /* shortlink_packer.cc */; };
		1FAEF2341DEE81D1002F3AA6 /* LogUtil.m in Sources */ = {isa = PBXBuildFile; fileRef = 1FAEF2331DEE81D1002F3AA6 /* LogUtil.m */; };
		1FAEF23D1DEEAA04002F3AA6 /* LogHelper.mm in Sources */ = {isa = PBXBuildFile; fileRef = 1FAEF23C1DEEAA04002F3AA6 /* LogHelper.mm */; };
		1FB576F61CE209A500ADCF8C /* AppDelegate.mm in Sources */ = {isa = PBXBuildFile; fileRef = 1FB576F51CE209A500ADCF8C /* AppDelegate.mm */; };
		1FB576FC1CE209A500ADCF8C /* Main.storyboard in Resources */ = {isa = PBXBuildFile; fileRef = 1FB576FA1CE209A500ADCF8C /* Main.storyboard */; };
		1FB576FE1CE209A500ADCF8C /* Assets.xcassets in Resources */ = {isa = PBXBuildFile; fileRef = 1FB576FD1CE209A500ADCF8C /* Assets.xcassets */; };
		1FB577011CE209A500ADCF8C /* LaunchScreen.storyboard in Resources */ = {isa = PBXBuildFile; fileRef = 1FB576FF1CE209A500ADCF8C /* LaunchScreen.storyboard */; };
		1FB5770C1CE209A500ADCF8C /* iOSDemoTests.m in Sources */ = {isa = PBXBuildFile; fileRef = 1FB5770B1CE209A500ADCF8C /* iOSDemoTests.m */; };
		1FB577171CE209A500ADCF8C /* iOSDemoUITests.m in Sources */ = {isa = PBXBuildFile; fileRef = 1FB577161CE209A500ADCF8C /* iOSDemoUITests.m */; };
		1FB5772E1CE20BFE00ADCF8C /* app_callback.mm in Sources */ = {isa = PBXBuildFile; fileRef = 1FB577261CE20BFE00ADCF8C /* app_callback.mm */; };
		1FB577301CE20BFE00ADCF8C /* longlink_packer.cc in Sources */ = {isa = PBXBuildFile; fileRef = 1FB577291CE20BFE00ADCF8C /* longlink_packer.cc */; };
		1FB577311CE20BFE00ADCF8C /* stn_callback.mm in Sources */ = {isa = PBXBuildFile; fileRef = 1FB5772C1CE20BFE00ADCF8C /* stn_callback.mm */; };
		1FB577341CE20C2800ADCF8C /* Foundation.framework in Frameworks */ = {isa = PBXBuildFile; fileRef = 1FB577331CE20C2800ADCF8C /* Foundation.framework */; };
		1FB577361CE20C3100ADCF8C /* UIKit.framework in Frameworks */ = {isa = PBXBuildFile; fileRef = 1FB577351CE20C3100ADCF8C /* UIKit.framework */; };
		1FB5777C1CE20E5F00ADCF8C /* main.mm in Sources */ = {isa = PBXBuildFile; fileRef = 1FB5777B1CE20E5F00ADCF8C /* main.mm */; };
		1FB577801CE20F0E00ADCF8C /* CoreTelephony.framework in Frameworks */ = {isa = PBXBuildFile; fileRef = 1FB5777F1CE20F0E00ADCF8C /* CoreTelephony.framework */; };
		1FB577821CE20F1400ADCF8C /* libz.tbd in Frameworks */ = {isa = PBXBuildFile; fileRef = 1FB577811CE20F1400ADCF8C /* libz.tbd */; };
		1FB577861CE20F7D00ADCF8C /* SystemConfiguration.framework in Frameworks */ = {isa = PBXBuildFile; fileRef = 1FB577851CE20F7D00ADCF8C /* SystemConfiguration.framework */; };
		1FDE37DA1DE5D45300CAC712 /* NetworkService.mm in Sources */ = {isa = PBXBuildFile; fileRef = 1FDE37D91DE5D45300CAC712 /* NetworkService.mm */; };
		1FDE37E01DE5DC7900CAC712 /* CGITask.mm in Sources */ = {isa = PBXBuildFile; fileRef = 1FDE37DF1DE5DC7900CAC712 /* CGITask.mm */; };
		4BDBD14B1E07F611006C62F5 /* NetworkStatus.m in Sources */ = {isa = PBXBuildFile; fileRef = 4BDBD14A1E07F611006C62F5 /* NetworkStatus.m */; };
		4BDBD16C1E0912AD006C62F5 /* libresolv.9.tbd in Frameworks */ = {isa = PBXBuildFile; fileRef = 1FB577871CE20FA300ADCF8C /* libresolv.9.tbd */; };
		4BDBD16D1E0912BE006C62F5 /* mars.framework in Frameworks */ = {isa = PBXBuildFile; fileRef = 1F26718B1DD2B115003F00A1 /* mars.framework */; };
/* End PBXBuildFile section */

/* Begin PBXContainerItemProxy section */
		1FB577081CE209A500ADCF8C /* PBXContainerItemProxy */ = {
			isa = PBXContainerItemProxy;
			containerPortal = 1FB576E61CE209A500ADCF8C /* Project object */;
			proxyType = 1;
			remoteGlobalIDString = 1FB576ED1CE209A500ADCF8C;
			remoteInfo = iOSDemo;
		};
		1FB577131CE209A500ADCF8C /* PBXContainerItemProxy */ = {
			isa = PBXContainerItemProxy;
			containerPortal = 1FB576E61CE209A500ADCF8C /* Project object */;
			proxyType = 1;
			remoteGlobalIDString = 1FB576ED1CE209A500ADCF8C;
			remoteInfo = iOSDemo;
		};
/* End PBXContainerItemProxy section */

/* Begin PBXFileReference section */
		029F91711E250CB8000CA522 /* LoginViewController.h */ = {isa = PBXFileReference; fileEncoding = 4; lastKnownFileType = sourcecode.c.h; path = LoginViewController.h; sourceTree = "<group>"; };
		029F91721E250CB8000CA522 /* LoginViewController.m */ = {isa = PBXFileReference; fileEncoding = 4; lastKnownFileType = sourcecode.c.objc; path = LoginViewController.m; sourceTree = "<group>"; };
		029F91741E251205000CA522 /* Chat.pbobjc.h */ = {isa = PBXFileReference; fileEncoding = 4; lastKnownFileType = sourcecode.c.h; path = Chat.pbobjc.h; sourceTree = "<group>"; };
		029F91751E251205000CA522 /* Chat.pbobjc.m */ = {isa = PBXFileReference; fileEncoding = 4; lastKnownFileType = sourcecode.c.objc; path = Chat.pbobjc.m; sourceTree = "<group>"; };
		029F91761E251205000CA522 /* chat.proto */ = {isa = PBXFileReference; fileEncoding = 4; lastKnownFileType = text; path = chat.proto; sourceTree = "<group>"; };
		029F91771E251205000CA522 /* Main.pbobjc.h */ = {isa = PBXFileReference; fileEncoding = 4; lastKnownFileType = sourcecode.c.h; path = Main.pbobjc.h; sourceTree = "<group>"; };
		029F91781E251205000CA522 /* Main.pbobjc.m */ = {isa = PBXFileReference; fileEncoding = 4; lastKnownFileType = sourcecode.c.objc; path = Main.pbobjc.m; sourceTree = "<group>"; };
		029F91791E251205000CA522 /* main.proto */ = {isa = PBXFileReference; fileEncoding = 4; lastKnownFileType = text; path = main.proto; sourceTree = "<group>"; };
		029F917A1E251205000CA522 /* Messagepush.pbobjc.h */ = {isa = PBXFileReference; fileEncoding = 4; lastKnownFileType = sourcecode.c.h; path = Messagepush.pbobjc.h; sourceTree = "<group>"; };
		029F917B1E251205000CA522 /* Messagepush.pbobjc.m */ = {isa = PBXFileReference; fileEncoding = 4; lastKnownFileType = sourcecode.c.objc; path = Messagepush.pbobjc.m; sourceTree = "<group>"; };
		029F917C1E251205000CA522 /* messagepush.proto */ = {isa = PBXFileReference; fileEncoding = 4; lastKnownFileType = text; path = messagepush.proto; sourceTree = "<group>"; };
		029F917D1E251205000CA522 /* Person.pbobjc.h */ = {isa = PBXFileReference; fileEncoding = 4; lastKnownFileType = sourcecode.c.h; path = Person.pbobjc.h; sourceTree = "<group>"; };
		029F917E1E251205000CA522 /* Person.pbobjc.m */ = {isa = PBXFileReference; fileEncoding = 4; lastKnownFileType = sourcecode.c.objc; path = Person.pbobjc.m; sourceTree = "<group>"; };
		029F917F1E251205000CA522 /* Person.proto */ = {isa = PBXFileReference; fileEncoding = 4; lastKnownFileType = text; path = Person.proto; sourceTree = "<group>"; };
		029F91891E251213000CA522 /* Any.pbobjc.h */ = {isa = PBXFileReference; fileEncoding = 4; lastKnownFileType = sourcecode.c.h; path = Any.pbobjc.h; sourceTree = "<group>"; };
		029F918A1E251213000CA522 /* Any.pbobjc.m */ = {isa = PBXFileReference; fileEncoding = 4; lastKnownFileType = sourcecode.c.objc; path = Any.pbobjc.m; sourceTree = "<group>"; };
		029F918B1E251213000CA522 /* Api.pbobjc.h */ = {isa = PBXFileReference; fileEncoding = 4; lastKnownFileType = sourcecode.c.h; path = Api.pbobjc.h; sourceTree = "<group>"; };
		029F918C1E251213000CA522 /* Api.pbobjc.m */ = {isa = PBXFileReference; fileEncoding = 4; lastKnownFileType = sourcecode.c.objc; path = Api.pbobjc.m; sourceTree = "<group>"; };
		029F918D1E251213000CA522 /* Duration.pbobjc.h */ = {isa = PBXFileReference; fileEncoding = 4; lastKnownFileType = sourcecode.c.h; path = Duration.pbobjc.h; sourceTree = "<group>"; };
		029F918E1E251213000CA522 /* Duration.pbobjc.m */ = {isa = PBXFileReference; fileEncoding = 4; lastKnownFileType = sourcecode.c.objc; path = Duration.pbobjc.m; sourceTree = "<group>"; };
		029F918F1E251213000CA522 /* Empty.pbobjc.h */ = {isa = PBXFileReference; fileEncoding = 4; lastKnownFileType = sourcecode.c.h; path = Empty.pbobjc.h; sourceTree = "<group>"; };
		029F91901E251213000CA522 /* Empty.pbobjc.m */ = {isa = PBXFileReference; fileEncoding = 4; lastKnownFileType = sourcecode.c.objc; path = Empty.pbobjc.m; sourceTree = "<group>"; };
		029F91911E251213000CA522 /* FieldMask.pbobjc.h */ = {isa = PBXFileReference; fileEncoding = 4; lastKnownFileType = sourcecode.c.h; path = FieldMask.pbobjc.h; sourceTree = "<group>"; };
		029F91921E251213000CA522 /* FieldMask.pbobjc.m */ = {isa = PBXFileReference; fileEncoding = 4; lastKnownFileType = sourcecode.c.objc; path = FieldMask.pbobjc.m; sourceTree = "<group>"; };
		029F91931E251213000CA522 /* GPBArray.h */ = {isa = PBXFileReference; fileEncoding = 4; lastKnownFileType = sourcecode.c.h; path = GPBArray.h; sourceTree = "<group>"; };
		029F91941E251213000CA522 /* GPBArray.m */ = {isa = PBXFileReference; fileEncoding = 4; lastKnownFileType = sourcecode.c.objc; path = GPBArray.m; sourceTree = "<group>"; };
		029F91951E251213000CA522 /* GPBArray_PackagePrivate.h */ = {isa = PBXFileReference; fileEncoding = 4; lastKnownFileType = sourcecode.c.h; path = GPBArray_PackagePrivate.h; sourceTree = "<group>"; };
		029F91961E251213000CA522 /* GPBBootstrap.h */ = {isa = PBXFileReference; fileEncoding = 4; lastKnownFileType = sourcecode.c.h; path = GPBBootstrap.h; sourceTree = "<group>"; };
		029F91971E251213000CA522 /* GPBCodedInputStream.h */ = {isa = PBXFileReference; fileEncoding = 4; lastKnownFileType = sourcecode.c.h; path = GPBCodedInputStream.h; sourceTree = "<group>"; };
		029F91981E251213000CA522 /* GPBCodedInputStream.m */ = {isa = PBXFileReference; fileEncoding = 4; lastKnownFileType = sourcecode.c.objc; path = GPBCodedInputStream.m; sourceTree = "<group>"; };
		029F91991E251213000CA522 /* GPBCodedInputStream_PackagePrivate.h */ = {isa = PBXFileReference; fileEncoding = 4; lastKnownFileType = sourcecode.c.h; path = GPBCodedInputStream_PackagePrivate.h; sourceTree = "<group>"; };
		029F919A1E251213000CA522 /* GPBCodedOutputStream.h */ = {isa = PBXFileReference; fileEncoding = 4; lastKnownFileType = sourcecode.c.h; path = GPBCodedOutputStream.h; sourceTree = "<group>"; };
		029F919B1E251213000CA522 /* GPBCodedOutputStream.m */ = {isa = PBXFileReference; fileEncoding = 4; lastKnownFileType = sourcecode.c.objc; path = GPBCodedOutputStream.m; sourceTree = "<group>"; };
		029F919C1E251213000CA522 /* GPBCodedOutputStream_PackagePrivate.h */ = {isa = PBXFileReference; fileEncoding = 4; lastKnownFileType = sourcecode.c.h; path = GPBCodedOutputStream_PackagePrivate.h; sourceTree = "<group>"; };
		029F919D1E251213000CA522 /* GPBDescriptor.h */ = {isa = PBXFileReference; fileEncoding = 4; lastKnownFileType = sourcecode.c.h; path = GPBDescriptor.h; sourceTree = "<group>"; };
		029F919E1E251213000CA522 /* GPBDescriptor.m */ = {isa = PBXFileReference; fileEncoding = 4; lastKnownFileType = sourcecode.c.objc; path = GPBDescriptor.m; sourceTree = "<group>"; };
		029F919F1E251213000CA522 /* GPBDescriptor_PackagePrivate.h */ = {isa = PBXFileReference; fileEncoding = 4; lastKnownFileType = sourcecode.c.h; path = GPBDescriptor_PackagePrivate.h; sourceTree = "<group>"; };
		029F91A01E251213000CA522 /* GPBDictionary.h */ = {isa = PBXFileReference; fileEncoding = 4; lastKnownFileType = sourcecode.c.h; path = GPBDictionary.h; sourceTree = "<group>"; };
		029F91A11E251213000CA522 /* GPBDictionary.m */ = {isa = PBXFileReference; fileEncoding = 4; lastKnownFileType = sourcecode.c.objc; path = GPBDictionary.m; sourceTree = "<group>"; };
		029F91A21E251213000CA522 /* GPBDictionary_PackagePrivate.h */ = {isa = PBXFileReference; fileEncoding = 4; lastKnownFileType = sourcecode.c.h; path = GPBDictionary_PackagePrivate.h; sourceTree = "<group>"; };
		029F91A31E251213000CA522 /* GPBExtensionInternals.h */ = {isa = PBXFileReference; fileEncoding = 4; lastKnownFileType = sourcecode.c.h; path = GPBExtensionInternals.h; sourceTree = "<group>"; };
		029F91A41E251213000CA522 /* GPBExtensionInternals.m */ = {isa = PBXFileReference; fileEncoding = 4; lastKnownFileType = sourcecode.c.objc; path = GPBExtensionInternals.m; sourceTree = "<group>"; };
		029F91A51E251213000CA522 /* GPBExtensionRegistry.h */ = {isa = PBXFileReference; fileEncoding = 4; lastKnownFileType = sourcecode.c.h; path = GPBExtensionRegistry.h; sourceTree = "<group>"; };
		029F91A61E251213000CA522 /* GPBExtensionRegistry.m */ = {isa = PBXFileReference; fileEncoding = 4; lastKnownFileType = sourcecode.c.objc; path = GPBExtensionRegistry.m; sourceTree = "<group>"; };
		029F91A71E251213000CA522 /* GPBMessage.h */ = {isa = PBXFileReference; fileEncoding = 4; lastKnownFileType = sourcecode.c.h; path = GPBMessage.h; sourceTree = "<group>"; };
		029F91A81E251213000CA522 /* GPBMessage.m */ = {isa = PBXFileReference; fileEncoding = 4; lastKnownFileType = sourcecode.c.objc; path = GPBMessage.m; sourceTree = "<group>"; };
		029F91A91E251213000CA522 /* GPBMessage_PackagePrivate.h */ = {isa = PBXFileReference; fileEncoding = 4; lastKnownFileType = sourcecode.c.h; path = GPBMessage_PackagePrivate.h; sourceTree = "<group>"; };
		029F91AA1E251213000CA522 /* GPBProtocolBuffers.h */ = {isa = PBXFileReference; fileEncoding = 4; lastKnownFileType = sourcecode.c.h; path = GPBProtocolBuffers.h; sourceTree = "<group>"; };
		029F91AB1E251213000CA522 /* GPBProtocolBuffers_RuntimeSupport.h */ = {isa = PBXFileReference; fileEncoding = 4; lastKnownFileType = sourcecode.c.h; path = GPBProtocolBuffers_RuntimeSupport.h; sourceTree = "<group>"; };
		029F91AC1E251213000CA522 /* GPBRootObject.h */ = {isa = PBXFileReference; fileEncoding = 4; lastKnownFileType = sourcecode.c.h; path = GPBRootObject.h; sourceTree = "<group>"; };
		029F91AD1E251213000CA522 /* GPBRootObject.m */ = {isa = PBXFileReference; fileEncoding = 4; lastKnownFileType = sourcecode.c.objc; path = GPBRootObject.m; sourceTree = "<group>"; };
		029F91AE1E251214000CA522 /* GPBRootObject_PackagePrivate.h */ = {isa = PBXFileReference; fileEncoding = 4; lastKnownFileType = sourcecode.c.h; path = GPBRootObject_PackagePrivate.h; sourceTree = "<group>"; };
		029F91AF1E251214000CA522 /* GPBRuntimeTypes.h */ = {isa = PBXFileReference; fileEncoding = 4; lastKnownFileType = sourcecode.c.h; path = GPBRuntimeTypes.h; sourceTree = "<group>"; };
		029F91B01E251214000CA522 /* GPBUnknownField.h */ = {isa = PBXFileReference; fileEncoding = 4; lastKnownFileType = sourcecode.c.h; path = GPBUnknownField.h; sourceTree = "<group>"; };
		029F91B11E251214000CA522 /* GPBUnknownField.m */ = {isa = PBXFileReference; fileEncoding = 4; lastKnownFileType = sourcecode.c.objc; path = GPBUnknownField.m; sourceTree = "<group>"; };
		029F91B21E251214000CA522 /* GPBUnknownField_PackagePrivate.h */ = {isa = PBXFileReference; fileEncoding = 4; lastKnownFileType = sourcecode.c.h; path = GPBUnknownField_PackagePrivate.h; sourceTree = "<group>"; };
		029F91B31E251214000CA522 /* GPBUnknownFieldSet.h */ = {isa = PBXFileReference; fileEncoding = 4; lastKnownFileType = sourcecode.c.h; path = GPBUnknownFieldSet.h; sourceTree = "<group>"; };
		029F91B41E251214000CA522 /* GPBUnknownFieldSet.m */ = {isa = PBXFileReference; fileEncoding = 4; lastKnownFileType = sourcecode.c.objc; path = GPBUnknownFieldSet.m; sourceTree = "<group>"; };
		029F91B51E251214000CA522 /* GPBUnknownFieldSet_PackagePrivate.h */ = {isa = PBXFileReference; fileEncoding = 4; lastKnownFileType = sourcecode.c.h; path = GPBUnknownFieldSet_PackagePrivate.h; sourceTree = "<group>"; };
		029F91B61E251214000CA522 /* GPBUtilities.h */ = {isa = PBXFileReference; fileEncoding = 4; lastKnownFileType = sourcecode.c.h; path = GPBUtilities.h; sourceTree = "<group>"; };
		029F91B71E251214000CA522 /* GPBUtilities.m */ = {isa = PBXFileReference; fileEncoding = 4; lastKnownFileType = sourcecode.c.objc; path = GPBUtilities.m; sourceTree = "<group>"; };
		029F91B81E251214000CA522 /* GPBUtilities_PackagePrivate.h */ = {isa = PBXFileReference; fileEncoding = 4; lastKnownFileType = sourcecode.c.h; path = GPBUtilities_PackagePrivate.h; sourceTree = "<group>"; };
		029F91B91E251214000CA522 /* GPBWellKnownTypes.h */ = {isa = PBXFileReference; fileEncoding = 4; lastKnownFileType = sourcecode.c.h; path = GPBWellKnownTypes.h; sourceTree = "<group>"; };
		029F91BA1E251214000CA522 /* GPBWellKnownTypes.m */ = {isa = PBXFileReference; fileEncoding = 4; lastKnownFileType = sourcecode.c.objc; path = GPBWellKnownTypes.m; sourceTree = "<group>"; };
		029F91BB1E251214000CA522 /* GPBWireFormat.h */ = {isa = PBXFileReference; fileEncoding = 4; lastKnownFileType = sourcecode.c.h; path = GPBWireFormat.h; sourceTree = "<group>"; };
		029F91BC1E251214000CA522 /* GPBWireFormat.m */ = {isa = PBXFileReference; fileEncoding = 4; lastKnownFileType = sourcecode.c.objc; path = GPBWireFormat.m; sourceTree = "<group>"; };
		029F91BD1E251214000CA522 /* SourceContext.pbobjc.h */ = {isa = PBXFileReference; fileEncoding = 4; lastKnownFileType = sourcecode.c.h; path = SourceContext.pbobjc.h; sourceTree = "<group>"; };
		029F91BE1E251214000CA522 /* SourceContext.pbobjc.m */ = {isa = PBXFileReference; fileEncoding = 4; lastKnownFileType = sourcecode.c.objc; path = SourceContext.pbobjc.m; sourceTree = "<group>"; };
		029F91BF1E251214000CA522 /* Struct.pbobjc.h */ = {isa = PBXFileReference; fileEncoding = 4; lastKnownFileType = sourcecode.c.h; path = Struct.pbobjc.h; sourceTree = "<group>"; };
		029F91C01E251214000CA522 /* Struct.pbobjc.m */ = {isa = PBXFileReference; fileEncoding = 4; lastKnownFileType = sourcecode.c.objc; path = Struct.pbobjc.m; sourceTree = "<group>"; };
		029F91C11E251214000CA522 /* Timestamp.pbobjc.h */ = {isa = PBXFileReference; fileEncoding = 4; lastKnownFileType = sourcecode.c.h; path = Timestamp.pbobjc.h; sourceTree = "<group>"; };
		029F91C21E251214000CA522 /* Timestamp.pbobjc.m */ = {isa = PBXFileReference; fileEncoding = 4; lastKnownFileType = sourcecode.c.objc; path = Timestamp.pbobjc.m; sourceTree = "<group>"; };
		029F91C31E251214000CA522 /* Type.pbobjc.h */ = {isa = PBXFileReference; fileEncoding = 4; lastKnownFileType = sourcecode.c.h; path = Type.pbobjc.h; sourceTree = "<group>"; };
		029F91C41E251214000CA522 /* Type.pbobjc.m */ = {isa = PBXFileReference; fileEncoding = 4; lastKnownFileType = sourcecode.c.objc; path = Type.pbobjc.m; sourceTree = "<group>"; };
		029F91C51E251214000CA522 /* Wrappers.pbobjc.h */ = {isa = PBXFileReference; fileEncoding = 4; lastKnownFileType = sourcecode.c.h; path = Wrappers.pbobjc.h; sourceTree = "<group>"; };
		029F91C61E251214000CA522 /* Wrappers.pbobjc.m */ = {isa = PBXFileReference; fileEncoding = 4; lastKnownFileType = sourcecode.c.objc; path = Wrappers.pbobjc.m; sourceTree = "<group>"; };
		1F08C13E1DE81A360098EB97 /* DemoEntryController.h */ = {isa = PBXFileReference; fileEncoding = 4; lastKnownFileType = sourcecode.c.h; path = DemoEntryController.h; sourceTree = "<group>"; };
		1F08C13F1DE81A360098EB97 /* DemoEntryController.m */ = {isa = PBXFileReference; fileEncoding = 4; lastKnownFileType = sourcecode.c.objc; path = DemoEntryController.m; sourceTree = "<group>"; };
		1F08C1471DE822700098EB97 /* MessageItemsController.h */ = {isa = PBXFileReference; fileEncoding = 4; lastKnownFileType = sourcecode.c.h; path = MessageItemsController.h; sourceTree = "<group>"; };
		1F08C1481DE822700098EB97 /* MessageItemsController.m */ = {isa = PBXFileReference; fileEncoding = 4; lastKnownFileType = sourcecode.c.objc; path = MessageItemsController.m; sourceTree = "<group>"; };
		1F08C14A1DE8228D0098EB97 /* MessagesController.h */ = {isa = PBXFileReference; fileEncoding = 4; lastKnownFileType = sourcecode.c.h; path = MessagesController.h; sourceTree = "<group>"; };
		1F08C14B1DE8228D0098EB97 /* MessagesController.m */ = {isa = PBXFileReference; fileEncoding = 4; lastKnownFileType = sourcecode.c.objc; path = MessagesController.m; sourceTree = "<group>"; };
		1F08C14D1DE8238E0098EB97 /* PingServerController.h */ = {isa = PBXFileReference; fileEncoding = 4; lastKnownFileType = sourcecode.c.h; path = PingServerController.h; sourceTree = "<group>"; };
		1F08C14E1DE8238E0098EB97 /* PingServerController.m */ = {isa = PBXFileReference; fileEncoding = 4; lastKnownFileType = sourcecode.c.objc; path = PingServerController.m; sourceTree = "<group>"; };
		1F08C1531DE82FAB0098EB97 /* CommandID.h */ = {isa = PBXFileReference; lastKnownFileType = sourcecode.c.h; path = CommandID.h; sourceTree = "<group>"; };
		1F08C1541DE841D90098EB97 /* TopicViewController.h */ = {isa = PBXFileReference; fileEncoding = 4; lastKnownFileType = sourcecode.c.h; path = TopicViewController.h; sourceTree = "<group>"; };
		1F08C1551DE841D90098EB97 /* TopicViewController.m */ = {isa = PBXFileReference; fileEncoding = 4; lastKnownFileType = sourcecode.c.objc; path = TopicViewController.m; sourceTree = "<group>"; };
		1F244E711DE6E831005D1BAC /* NetworkEvent.h */ = {isa = PBXFileReference; fileEncoding = 4; lastKnownFileType = sourcecode.c.h; path = NetworkEvent.h; sourceTree = "<group>"; };
		1F244E721DE6E831005D1BAC /* NetworkEvent.m */ = {isa = PBXFileReference; fileEncoding = 4; lastKnownFileType = sourcecode.c.objc; path = NetworkEvent.m; sourceTree = "<group>"; };
		1F244EAE1DE717E8005D1BAC /* UINotifyDelegate.h */ = {isa = PBXFileReference; lastKnownFileType = sourcecode.c.h; name = UINotifyDelegate.h; path = Bussiness/UINotifyDelegate.h; sourceTree = "<group>"; };
		1F26718B1DD2B115003F00A1 /* mars.framework */ = {isa = PBXFileReference; lastKnownFileType = wrapper.framework; name = mars.framework; path = Kernel/MarsLib/mars.framework; sourceTree = "<group>"; };
		1F2671C61DD2C227003F00A1 /* shortlink_packer.cc */ = {isa = PBXFileReference; fileEncoding = 4; lastKnownFileType = sourcecode.cpp.cpp; path = shortlink_packer.cc; sourceTree = "<group>"; };
		1F2671C71DD2C227003F00A1 /* shortlink_packer.h */ = {isa = PBXFileReference; fileEncoding = 4; lastKnownFileType = sourcecode.c.h; path = shortlink_packer.h; sourceTree = "<group>"; };
		1F7626BA1E12A9E9000A4AE6 /* Constants.h */ = {isa = PBXFileReference; lastKnownFileType = sourcecode.c.h; path = Constants.h; sourceTree = "<group>"; };
		1F7626BB1E12AA6C000A4AE6 /* PushNotifyDelegate.h */ = {isa = PBXFileReference; lastKnownFileType = sourcecode.c.h; path = PushNotifyDelegate.h; sourceTree = "<group>"; };
		1F7626C21E12BA6A000A4AE6 /* protobuf.framework */ = {isa = PBXFileReference; lastKnownFileType = wrapper.framework; name = protobuf.framework; path = Proto/protobuf.framework; sourceTree = "<group>"; };
		1FAEF2321DEE81D1002F3AA6 /* LogUtil.h */ = {isa = PBXFileReference; fileEncoding = 4; lastKnownFileType = sourcecode.c.h; path = LogUtil.h; sourceTree = "<group>"; };
		1FAEF2331DEE81D1002F3AA6 /* LogUtil.m */ = {isa = PBXFileReference; fileEncoding = 4; lastKnownFileType = sourcecode.c.objc; path = LogUtil.m; sourceTree = "<group>"; };
		1FAEF23B1DEEAA04002F3AA6 /* LogHelper.h */ = {isa = PBXFileReference; fileEncoding = 4; lastKnownFileType = sourcecode.c.h; path = LogHelper.h; sourceTree = "<group>"; };
		1FAEF23C1DEEAA04002F3AA6 /* LogHelper.mm */ = {isa = PBXFileReference; fileEncoding = 4; lastKnownFileType = sourcecode.cpp.objcpp; path = LogHelper.mm; sourceTree = "<group>"; };
		1FB576EE1CE209A500ADCF8C /* iOSDemo.app */ = {isa = PBXFileReference; explicitFileType = wrapper.application; includeInIndex = 0; path = iOSDemo.app; sourceTree = BUILT_PRODUCTS_DIR; };
		1FB576F41CE209A500ADCF8C /* AppDelegate.h */ = {isa = PBXFileReference; lastKnownFileType = sourcecode.c.h; path = AppDelegate.h; sourceTree = "<group>"; };
		1FB576F51CE209A500ADCF8C /* AppDelegate.mm */ = {isa = PBXFileReference; lastKnownFileType = sourcecode.cpp.objcpp; path = AppDelegate.mm; sourceTree = "<group>"; };
		1FB576FB1CE209A500ADCF8C /* Base */ = {isa = PBXFileReference; lastKnownFileType = file.storyboard; name = Base; path = Base.lproj/Main.storyboard; sourceTree = "<group>"; };
		1FB576FD1CE209A500ADCF8C /* Assets.xcassets */ = {isa = PBXFileReference; lastKnownFileType = folder.assetcatalog; path = Assets.xcassets; sourceTree = "<group>"; };
		1FB577001CE209A500ADCF8C /* Base */ = {isa = PBXFileReference; lastKnownFileType = file.storyboard; name = Base; path = Base.lproj/LaunchScreen.storyboard; sourceTree = "<group>"; };
		1FB577021CE209A500ADCF8C /* Info.plist */ = {isa = PBXFileReference; lastKnownFileType = text.plist.xml; path = Info.plist; sourceTree = "<group>"; };
		1FB577071CE209A500ADCF8C /* iOSDemoTests.xctest */ = {isa = PBXFileReference; explicitFileType = wrapper.cfbundle; includeInIndex = 0; path = iOSDemoTests.xctest; sourceTree = BUILT_PRODUCTS_DIR; };
		1FB5770B1CE209A500ADCF8C /* iOSDemoTests.m */ = {isa = PBXFileReference; lastKnownFileType = sourcecode.c.objc; path = iOSDemoTests.m; sourceTree = "<group>"; };
		1FB5770D1CE209A500ADCF8C /* Info.plist */ = {isa = PBXFileReference; lastKnownFileType = text.plist.xml; path = Info.plist; sourceTree = "<group>"; };
		1FB577121CE209A500ADCF8C /* iOSDemoUITests.xctest */ = {isa = PBXFileReference; explicitFileType = wrapper.cfbundle; includeInIndex = 0; path = iOSDemoUITests.xctest; sourceTree = BUILT_PRODUCTS_DIR; };
		1FB577161CE209A500ADCF8C /* iOSDemoUITests.m */ = {isa = PBXFileReference; lastKnownFileType = sourcecode.c.objc; path = iOSDemoUITests.m; sourceTree = "<group>"; };
		1FB577181CE209A500ADCF8C /* Info.plist */ = {isa = PBXFileReference; lastKnownFileType = text.plist.xml; path = Info.plist; sourceTree = "<group>"; };
		1FB577251CE20BFE00ADCF8C /* app_callback.h */ = {isa = PBXFileReference; fileEncoding = 4; lastKnownFileType = sourcecode.c.h; path = app_callback.h; sourceTree = "<group>"; };
		1FB577261CE20BFE00ADCF8C /* app_callback.mm */ = {isa = PBXFileReference; fileEncoding = 4; lastKnownFileType = sourcecode.cpp.objcpp; path = app_callback.mm; sourceTree = "<group>"; };
		1FB577291CE20BFE00ADCF8C /* longlink_packer.cc */ = {isa = PBXFileReference; fileEncoding = 4; lastKnownFileType = sourcecode.cpp.cpp; path = longlink_packer.cc; sourceTree = "<group>"; };
		1FB5772A1CE20BFE00ADCF8C /* longlink_packer.h */ = {isa = PBXFileReference; fileEncoding = 4; lastKnownFileType = sourcecode.c.h; path = longlink_packer.h; sourceTree = "<group>"; };
		1FB5772B1CE20BFE00ADCF8C /* stn_callback.h */ = {isa = PBXFileReference; fileEncoding = 4; lastKnownFileType = sourcecode.c.h; path = stn_callback.h; sourceTree = "<group>"; };
		1FB5772C1CE20BFE00ADCF8C /* stn_callback.mm */ = {isa = PBXFileReference; fileEncoding = 4; lastKnownFileType = sourcecode.cpp.objcpp; path = stn_callback.mm; sourceTree = "<group>"; };
		1FB5772D1CE20BFE00ADCF8C /* stnproto_logic.h */ = {isa = PBXFileReference; fileEncoding = 4; lastKnownFileType = sourcecode.c.h; path = stnproto_logic.h; sourceTree = "<group>"; };
		1FB577331CE20C2800ADCF8C /* Foundation.framework */ = {isa = PBXFileReference; lastKnownFileType = wrapper.framework; name = Foundation.framework; path = System/Library/Frameworks/Foundation.framework; sourceTree = SDKROOT; };
		1FB577351CE20C3100ADCF8C /* UIKit.framework */ = {isa = PBXFileReference; lastKnownFileType = wrapper.framework; name = UIKit.framework; path = System/Library/Frameworks/UIKit.framework; sourceTree = SDKROOT; };
		1FB5777B1CE20E5F00ADCF8C /* main.mm */ = {isa = PBXFileReference; fileEncoding = 4; lastKnownFileType = sourcecode.cpp.objcpp; path = main.mm; sourceTree = "<group>"; };
		1FB5777F1CE20F0E00ADCF8C /* CoreTelephony.framework */ = {isa = PBXFileReference; lastKnownFileType = wrapper.framework; name = CoreTelephony.framework; path = System/Library/Frameworks/CoreTelephony.framework; sourceTree = SDKROOT; };
		1FB577811CE20F1400ADCF8C /* libz.tbd */ = {isa = PBXFileReference; lastKnownFileType = "sourcecode.text-based-dylib-definition"; name = libz.tbd; path = usr/lib/libz.tbd; sourceTree = SDKROOT; };
		1FB577851CE20F7D00ADCF8C /* SystemConfiguration.framework */ = {isa = PBXFileReference; lastKnownFileType = wrapper.framework; name = SystemConfiguration.framework; path = System/Library/Frameworks/SystemConfiguration.framework; sourceTree = SDKROOT; };
		1FB577871CE20FA300ADCF8C /* libresolv.9.tbd */ = {isa = PBXFileReference; lastKnownFileType = "sourcecode.text-based-dylib-definition"; name = libresolv.9.tbd; path = usr/lib/libresolv.9.tbd; sourceTree = SDKROOT; };
		1FDE37D81DE5D45300CAC712 /* NetworkService.h */ = {isa = PBXFileReference; fileEncoding = 4; lastKnownFileType = sourcecode.c.h; name = NetworkService.h; path = Bussiness/NetworkService.h; sourceTree = "<group>"; };
		1FDE37D91DE5D45300CAC712 /* NetworkService.mm */ = {isa = PBXFileReference; fileEncoding = 4; lastKnownFileType = sourcecode.cpp.objcpp; name = NetworkService.mm; path = Bussiness/NetworkService.mm; sourceTree = "<group>"; };
		1FDE37DB1DE5DBFB00CAC712 /* NetworkDelegate.h */ = {isa = PBXFileReference; lastKnownFileType = sourcecode.c.h; name = NetworkDelegate.h; path = Bussiness/NetworkDelegate.h; sourceTree = "<group>"; };
		1FDE37DC1DE5DC2B00CAC712 /* CGITask.h */ = {isa = PBXFileReference; fileEncoding = 4; lastKnownFileType = sourcecode.c.h; name = CGITask.h; path = Bussiness/CGITask.h; sourceTree = "<group>"; };
		1FDE37DF1DE5DC7900CAC712 /* CGITask.mm */ = {isa = PBXFileReference; fileEncoding = 4; lastKnownFileType = sourcecode.cpp.objcpp; name = CGITask.mm; path = Bussiness/CGITask.mm; sourceTree = "<group>"; };
		4BDBD1491E07F611006C62F5 /* NetworkStatus.h */ = {isa = PBXFileReference; fileEncoding = 4; lastKnownFileType = sourcecode.c.h; name = NetworkStatus.h; path = Bussiness/NetworkStatus.h; sourceTree = "<group>"; };
		4BDBD14A1E07F611006C62F5 /* NetworkStatus.m */ = {isa = PBXFileReference; fileEncoding = 4; lastKnownFileType = sourcecode.c.objc; name = NetworkStatus.m; path = Bussiness/NetworkStatus.m; sourceTree = "<group>"; };
/* End PBXFileReference section */

/* Begin PBXFrameworksBuildPhase section */
		1FB576EB1CE209A500ADCF8C /* Frameworks */ = {
			isa = PBXFrameworksBuildPhase;
			buildActionMask = 2147483647;
			files = (
				4BDBD16D1E0912BE006C62F5 /* mars.framework in Frameworks */,
				4BDBD16C1E0912AD006C62F5 /* libresolv.9.tbd in Frameworks */,
				1FB577861CE20F7D00ADCF8C /* SystemConfiguration.framework in Frameworks */,
				1FB577821CE20F1400ADCF8C /* libz.tbd in Frameworks */,
				1FB577801CE20F0E00ADCF8C /* CoreTelephony.framework in Frameworks */,
				1FB577361CE20C3100ADCF8C /* UIKit.framework in Frameworks */,
				1FB577341CE20C2800ADCF8C /* Foundation.framework in Frameworks */,
			);
			runOnlyForDeploymentPostprocessing = 0;
		};
		1FB577041CE209A500ADCF8C /* Frameworks */ = {
			isa = PBXFrameworksBuildPhase;
			buildActionMask = 2147483647;
			files = (
			);
			runOnlyForDeploymentPostprocessing = 0;
		};
		1FB5770F1CE209A500ADCF8C /* Frameworks */ = {
			isa = PBXFrameworksBuildPhase;
			buildActionMask = 2147483647;
			files = (
			);
			runOnlyForDeploymentPostprocessing = 0;
		};
/* End PBXFrameworksBuildPhase section */

/* Begin PBXGroup section */
		029F91881E251213000CA522 /* protobuf */ = {
			isa = PBXGroup;
			children = (
				029F91891E251213000CA522 /* Any.pbobjc.h */,
				029F918A1E251213000CA522 /* Any.pbobjc.m */,
				029F918B1E251213000CA522 /* Api.pbobjc.h */,
				029F918C1E251213000CA522 /* Api.pbobjc.m */,
				029F918D1E251213000CA522 /* Duration.pbobjc.h */,
				029F918E1E251213000CA522 /* Duration.pbobjc.m */,
				029F918F1E251213000CA522 /* Empty.pbobjc.h */,
				029F91901E251213000CA522 /* Empty.pbobjc.m */,
				029F91911E251213000CA522 /* FieldMask.pbobjc.h */,
				029F91921E251213000CA522 /* FieldMask.pbobjc.m */,
				029F91931E251213000CA522 /* GPBArray.h */,
				029F91941E251213000CA522 /* GPBArray.m */,
				029F91951E251213000CA522 /* GPBArray_PackagePrivate.h */,
				029F91961E251213000CA522 /* GPBBootstrap.h */,
				029F91971E251213000CA522 /* GPBCodedInputStream.h */,
				029F91981E251213000CA522 /* GPBCodedInputStream.m */,
				029F91991E251213000CA522 /* GPBCodedInputStream_PackagePrivate.h */,
				029F919A1E251213000CA522 /* GPBCodedOutputStream.h */,
				029F919B1E251213000CA522 /* GPBCodedOutputStream.m */,
				029F919C1E251213000CA522 /* GPBCodedOutputStream_PackagePrivate.h */,
				029F919D1E251213000CA522 /* GPBDescriptor.h */,
				029F919E1E251213000CA522 /* GPBDescriptor.m */,
				029F919F1E251213000CA522 /* GPBDescriptor_PackagePrivate.h */,
				029F91A01E251213000CA522 /* GPBDictionary.h */,
				029F91A11E251213000CA522 /* GPBDictionary.m */,
				029F91A21E251213000CA522 /* GPBDictionary_PackagePrivate.h */,
				029F91A31E251213000CA522 /* GPBExtensionInternals.h */,
				029F91A41E251213000CA522 /* GPBExtensionInternals.m */,
				029F91A51E251213000CA522 /* GPBExtensionRegistry.h */,
				029F91A61E251213000CA522 /* GPBExtensionRegistry.m */,
				029F91A71E251213000CA522 /* GPBMessage.h */,
				029F91A81E251213000CA522 /* GPBMessage.m */,
				029F91A91E251213000CA522 /* GPBMessage_PackagePrivate.h */,
				029F91AA1E251213000CA522 /* GPBProtocolBuffers.h */,
				029F91AB1E251213000CA522 /* GPBProtocolBuffers_RuntimeSupport.h */,
				029F91AC1E251213000CA522 /* GPBRootObject.h */,
				029F91AD1E251213000CA522 /* GPBRootObject.m */,
				029F91AE1E251214000CA522 /* GPBRootObject_PackagePrivate.h */,
				029F91AF1E251214000CA522 /* GPBRuntimeTypes.h */,
				029F91B01E251214000CA522 /* GPBUnknownField.h */,
				029F91B11E251214000CA522 /* GPBUnknownField.m */,
				029F91B21E251214000CA522 /* GPBUnknownField_PackagePrivate.h */,
				029F91B31E251214000CA522 /* GPBUnknownFieldSet.h */,
				029F91B41E251214000CA522 /* GPBUnknownFieldSet.m */,
				029F91B51E251214000CA522 /* GPBUnknownFieldSet_PackagePrivate.h */,
				029F91B61E251214000CA522 /* GPBUtilities.h */,
				029F91B71E251214000CA522 /* GPBUtilities.m */,
				029F91B81E251214000CA522 /* GPBUtilities_PackagePrivate.h */,
				029F91B91E251214000CA522 /* GPBWellKnownTypes.h */,
				029F91BA1E251214000CA522 /* GPBWellKnownTypes.m */,
				029F91BB1E251214000CA522 /* GPBWireFormat.h */,
				029F91BC1E251214000CA522 /* GPBWireFormat.m */,
				029F91BD1E251214000CA522 /* SourceContext.pbobjc.h */,
				029F91BE1E251214000CA522 /* SourceContext.pbobjc.m */,
				029F91BF1E251214000CA522 /* Struct.pbobjc.h */,
				029F91C01E251214000CA522 /* Struct.pbobjc.m */,
				029F91C11E251214000CA522 /* Timestamp.pbobjc.h */,
				029F91C21E251214000CA522 /* Timestamp.pbobjc.m */,
				029F91C31E251214000CA522 /* Type.pbobjc.h */,
				029F91C41E251214000CA522 /* Type.pbobjc.m */,
				029F91C51E251214000CA522 /* Wrappers.pbobjc.h */,
				029F91C61E251214000CA522 /* Wrappers.pbobjc.m */,
			);
			path = protobuf;
			sourceTree = "<group>";
		};
		1F7626C11E12BA69000A4AE6 /* Frameworks */ = {
			isa = PBXGroup;
			children = (
				1F7626C21E12BA6A000A4AE6 /* protobuf.framework */,
			);
			name = Frameworks;
			sourceTree = "<group>";
		};
		1FAEF21E1DEE7A39002F3AA6 /* Component */ = {
			isa = PBXGroup;
			children = (
				1FAEF2321DEE81D1002F3AA6 /* LogUtil.h */,
				1FAEF2331DEE81D1002F3AA6 /* LogUtil.m */,
				1FAEF23B1DEEAA04002F3AA6 /* LogHelper.h */,
				1FAEF23C1DEEAA04002F3AA6 /* LogHelper.mm */,
			);
			path = Component;
			sourceTree = "<group>";
		};
		1FB576E51CE209A500ADCF8C = {
			isa = PBXGroup;
			children = (
				1FAEF21E1DEE7A39002F3AA6 /* Component */,
				1FDE37AF1DE5D27000CAC712 /* Proto */,
				1FB577321CE20C1900ADCF8C /* Framework */,
				1FB576F01CE209A500ADCF8C /* iOSDemo */,
				1FDE37AD1DE5D16300CAC712 /* Bussiness */,
				1FB5770A1CE209A500ADCF8C /* iOSDemoTests */,
				1FB577151CE209A500ADCF8C /* iOSDemoUITests */,
				1FB577241CE20BFE00ADCF8C /* PublicComponentV2 */,
				1FB576EF1CE209A500ADCF8C /* Products */,
				1F7626C11E12BA69000A4AE6 /* Frameworks */,
			);
			sourceTree = "<group>";
		};
		1FB576EF1CE209A500ADCF8C /* Products */ = {
			isa = PBXGroup;
			children = (
				1FB576EE1CE209A500ADCF8C /* iOSDemo.app */,
				1FB577071CE209A500ADCF8C /* iOSDemoTests.xctest */,
				1FB577121CE209A500ADCF8C /* iOSDemoUITests.xctest */,
			);
			name = Products;
			sourceTree = "<group>";
		};
		1FB576F01CE209A500ADCF8C /* iOSDemo */ = {
			isa = PBXGroup;
			children = (
				1FB576F41CE209A500ADCF8C /* AppDelegate.h */,
				1FB576F51CE209A500ADCF8C /* AppDelegate.mm */,
				1F08C13E1DE81A360098EB97 /* DemoEntryController.h */,
				1F08C13F1DE81A360098EB97 /* DemoEntryController.m */,
				029F91711E250CB8000CA522 /* LoginViewController.h */,
				029F91721E250CB8000CA522 /* LoginViewController.m */,
				1F08C14D1DE8238E0098EB97 /* PingServerController.h */,
				1F08C14E1DE8238E0098EB97 /* PingServerController.m */,
				1F08C14A1DE8228D0098EB97 /* MessagesController.h */,
				1F08C14B1DE8228D0098EB97 /* MessagesController.m */,
				1F08C1471DE822700098EB97 /* MessageItemsController.h */,
				1F08C1481DE822700098EB97 /* MessageItemsController.m */,
				1F08C1541DE841D90098EB97 /* TopicViewController.h */,
				1F08C1551DE841D90098EB97 /* TopicViewController.m */,
				1F244E711DE6E831005D1BAC /* NetworkEvent.h */,
				1F244E721DE6E831005D1BAC /* NetworkEvent.m */,
				1FB576FA1CE209A500ADCF8C /* Main.storyboard */,
				1FB576FD1CE209A500ADCF8C /* Assets.xcassets */,
				1FB576FF1CE209A500ADCF8C /* LaunchScreen.storyboard */,
				1FB577021CE209A500ADCF8C /* Info.plist */,
				1FB576F11CE209A500ADCF8C /* Supporting Files */,
				1F7626BA1E12A9E9000A4AE6 /* Constants.h */,
			);
			path = iOSDemo;
			sourceTree = "<group>";
		};
		1FB576F11CE209A500ADCF8C /* Supporting Files */ = {
			isa = PBXGroup;
			children = (
				1FB5777B1CE20E5F00ADCF8C /* main.mm */,
			);
			name = "Supporting Files";
			sourceTree = "<group>";
		};
		1FB5770A1CE209A500ADCF8C /* iOSDemoTests */ = {
			isa = PBXGroup;
			children = (
				1FB5770B1CE209A500ADCF8C /* iOSDemoTests.m */,
				1FB5770D1CE209A500ADCF8C /* Info.plist */,
			);
			path = iOSDemoTests;
			sourceTree = "<group>";
		};
		1FB577151CE209A500ADCF8C /* iOSDemoUITests */ = {
			isa = PBXGroup;
			children = (
				1FB577161CE209A500ADCF8C /* iOSDemoUITests.m */,
				1FB577181CE209A500ADCF8C /* Info.plist */,
			);
			path = iOSDemoUITests;
			sourceTree = "<group>";
		};
		1FB577241CE20BFE00ADCF8C /* PublicComponentV2 */ = {
			isa = PBXGroup;
			children = (
				1F2671C61DD2C227003F00A1 /* shortlink_packer.cc */,
				1F2671C71DD2C227003F00A1 /* shortlink_packer.h */,
				1FB577251CE20BFE00ADCF8C /* app_callback.h */,
				1FB577261CE20BFE00ADCF8C /* app_callback.mm */,
				1FB577291CE20BFE00ADCF8C /* longlink_packer.cc */,
				1FB5772A1CE20BFE00ADCF8C /* longlink_packer.h */,
				1FB5772B1CE20BFE00ADCF8C /* stn_callback.h */,
				1FB5772C1CE20BFE00ADCF8C /* stn_callback.mm */,
				1FB5772D1CE20BFE00ADCF8C /* stnproto_logic.h */,
			);
			path = PublicComponentV2;
			sourceTree = "<group>";
		};
		1FB577321CE20C1900ADCF8C /* Framework */ = {
			isa = PBXGroup;
			children = (
				1F26718B1DD2B115003F00A1 /* mars.framework */,
				1FB577871CE20FA300ADCF8C /* libresolv.9.tbd */,
				1FB577851CE20F7D00ADCF8C /* SystemConfiguration.framework */,
				1FB577811CE20F1400ADCF8C /* libz.tbd */,
				1FB5777F1CE20F0E00ADCF8C /* CoreTelephony.framework */,
				1FB577351CE20C3100ADCF8C /* UIKit.framework */,
				1FB577331CE20C2800ADCF8C /* Foundation.framework */,
			);
			name = Framework;
			sourceTree = "<group>";
		};
		1FDE37AD1DE5D16300CAC712 /* Bussiness */ = {
			isa = PBXGroup;
			children = (
				4BDBD1491E07F611006C62F5 /* NetworkStatus.h */,
				4BDBD14A1E07F611006C62F5 /* NetworkStatus.m */,
				1FDE37D81DE5D45300CAC712 /* NetworkService.h */,
				1FDE37D91DE5D45300CAC712 /* NetworkService.mm */,
				1FDE37DB1DE5DBFB00CAC712 /* NetworkDelegate.h */,
				1FDE37DC1DE5DC2B00CAC712 /* CGITask.h */,
				1FDE37DF1DE5DC7900CAC712 /* CGITask.mm */,
				1F244EAE1DE717E8005D1BAC /* UINotifyDelegate.h */,
				1F08C1531DE82FAB0098EB97 /* CommandID.h */,
				1F7626BB1E12AA6C000A4AE6 /* PushNotifyDelegate.h */,
			);
			name = Bussiness;
			sourceTree = "<group>";
		};
		1FDE37AF1DE5D27000CAC712 /* Proto */ = {
			isa = PBXGroup;
			children = (
				029F91741E251205000CA522 /* Chat.pbobjc.h */,
				029F91751E251205000CA522 /* Chat.pbobjc.m */,
				029F91761E251205000CA522 /* chat.proto */,
				029F91771E251205000CA522 /* Main.pbobjc.h */,
				029F91781E251205000CA522 /* Main.pbobjc.m */,
				029F91791E251205000CA522 /* main.proto */,
				029F917A1E251205000CA522 /* Messagepush.pbobjc.h */,
				029F917B1E251205000CA522 /* Messagepush.pbobjc.m */,
				029F917C1E251205000CA522 /* messagepush.proto */,
				029F917D1E251205000CA522 /* Person.pbobjc.h */,
				029F917E1E251205000CA522 /* Person.pbobjc.m */,
				029F917F1E251205000CA522 /* Person.proto */,
				029F91881E251213000CA522 /* protobuf */,
			);
			path = Proto;
			sourceTree = "<group>";
		};
/* End PBXGroup section */

/* Begin PBXNativeTarget section */
		1FB576ED1CE209A500ADCF8C /* iOSDemo */ = {
			isa = PBXNativeTarget;
			buildConfigurationList = 1FB5771B1CE209A500ADCF8C /* Build configuration list for PBXNativeTarget "iOSDemo" */;
			buildPhases = (
				4B91BAC81DEDB1B700CFD83F /* Run Script - build mars */,
				1FB576EA1CE209A500ADCF8C /* Sources */,
				1FB576EB1CE209A500ADCF8C /* Frameworks */,
				1FB576EC1CE209A500ADCF8C /* Resources */,
			);
			buildRules = (
			);
			dependencies = (
			);
			name = iOSDemo;
			productName = iOSDemo;
			productReference = 1FB576EE1CE209A500ADCF8C /* iOSDemo.app */;
			productType = "com.apple.product-type.application";
		};
		1FB577061CE209A500ADCF8C /* iOSDemoTests */ = {
			isa = PBXNativeTarget;
			buildConfigurationList = 1FB5771E1CE209A500ADCF8C /* Build configuration list for PBXNativeTarget "iOSDemoTests" */;
			buildPhases = (
				1FB577031CE209A500ADCF8C /* Sources */,
				1FB577041CE209A500ADCF8C /* Frameworks */,
				1FB577051CE209A500ADCF8C /* Resources */,
			);
			buildRules = (
			);
			dependencies = (
				1FB577091CE209A500ADCF8C /* PBXTargetDependency */,
			);
			name = iOSDemoTests;
			productName = iOSDemoTests;
			productReference = 1FB577071CE209A500ADCF8C /* iOSDemoTests.xctest */;
			productType = "com.apple.product-type.bundle.unit-test";
		};
		1FB577111CE209A500ADCF8C /* iOSDemoUITests */ = {
			isa = PBXNativeTarget;
			buildConfigurationList = 1FB577211CE209A500ADCF8C /* Build configuration list for PBXNativeTarget "iOSDemoUITests" */;
			buildPhases = (
				1FB5770E1CE209A500ADCF8C /* Sources */,
				1FB5770F1CE209A500ADCF8C /* Frameworks */,
				1FB577101CE209A500ADCF8C /* Resources */,
			);
			buildRules = (
			);
			dependencies = (
				1FB577141CE209A500ADCF8C /* PBXTargetDependency */,
			);
			name = iOSDemoUITests;
			productName = iOSDemoUITests;
			productReference = 1FB577121CE209A500ADCF8C /* iOSDemoUITests.xctest */;
			productType = "com.apple.product-type.bundle.ui-testing";
		};
/* End PBXNativeTarget section */

/* Begin PBXProject section */
		1FB576E61CE209A500ADCF8C /* Project object */ = {
			isa = PBXProject;
			attributes = {
				LastUpgradeCheck = 0720;
				ORGANIZATIONNAME = "曹少琨";
				TargetAttributes = {
					1FB576ED1CE209A500ADCF8C = {
						CreatedOnToolsVersion = 7.2.1;
						DevelopmentTeam = 7G2X8H8PPE;
						ProvisioningStyle = Automatic;
					};
					1FB577061CE209A500ADCF8C = {
						CreatedOnToolsVersion = 7.2.1;
						DevelopmentTeam = 7G2X8H8PPE;
						TestTargetID = 1FB576ED1CE209A500ADCF8C;
					};
					1FB577111CE209A500ADCF8C = {
						CreatedOnToolsVersion = 7.2.1;
						DevelopmentTeam = 7G2X8H8PPE;
						TestTargetID = 1FB576ED1CE209A500ADCF8C;
					};
				};
			};
			buildConfigurationList = 1FB576E91CE209A500ADCF8C /* Build configuration list for PBXProject "iOSDemo" */;
			compatibilityVersion = "Xcode 3.2";
			developmentRegion = English;
			hasScannedForEncodings = 0;
			knownRegions = (
				en,
				Base,
			);
			mainGroup = 1FB576E51CE209A500ADCF8C;
			productRefGroup = 1FB576EF1CE209A500ADCF8C /* Products */;
			projectDirPath = "";
			projectRoot = "";
			targets = (
				1FB576ED1CE209A500ADCF8C /* iOSDemo */,
				1FB577061CE209A500ADCF8C /* iOSDemoTests */,
				1FB577111CE209A500ADCF8C /* iOSDemoUITests */,
			);
		};
/* End PBXProject section */

/* Begin PBXResourcesBuildPhase section */
		1FB576EC1CE209A500ADCF8C /* Resources */ = {
			isa = PBXResourcesBuildPhase;
			buildActionMask = 2147483647;
			files = (
				029F91811E251205000CA522 /* chat.proto in Resources */,
				029F91871E251205000CA522 /* Person.proto in Resources */,
				029F91831E251205000CA522 /* main.proto in Resources */,
				029F91851E251205000CA522 /* messagepush.proto in Resources */,
				1FB577011CE209A500ADCF8C /* LaunchScreen.storyboard in Resources */,
				1FB576FE1CE209A500ADCF8C /* Assets.xcassets in Resources */,
				1FB576FC1CE209A500ADCF8C /* Main.storyboard in Resources */,
			);
			runOnlyForDeploymentPostprocessing = 0;
		};
		1FB577051CE209A500ADCF8C /* Resources */ = {
			isa = PBXResourcesBuildPhase;
			buildActionMask = 2147483647;
			files = (
			);
			runOnlyForDeploymentPostprocessing = 0;
		};
		1FB577101CE209A500ADCF8C /* Resources */ = {
			isa = PBXResourcesBuildPhase;
			buildActionMask = 2147483647;
			files = (
			);
			runOnlyForDeploymentPostprocessing = 0;
		};
/* End PBXResourcesBuildPhase section */

/* Begin PBXShellScriptBuildPhase section */
		4B91BAC81DEDB1B700CFD83F /* Run Script - build mars */ = {
			isa = PBXShellScriptBuildPhase;
			buildActionMask = 12;
			files = (
			);
			inputPaths = (
			);
			name = "Run Script - build mars";
			outputPaths = (
			);
			runOnlyForDeploymentPostprocessing = 0;
			shellPath = /bin/sh;
			shellScript = "BUILD_LIB_SCRIPT=${SRCROOT}/Kernel/build_libs_for_sample.py\n\npython $BUILD_LIB_SCRIPT\n\nif [[ $? -eq 1 ]]\nthen\n    exit 1\nfi";
		};
/* End PBXShellScriptBuildPhase section */

/* Begin PBXSourcesBuildPhase section */
		1FB576EA1CE209A500ADCF8C /* Sources */ = {
			isa = PBXSourcesBuildPhase;
			buildActionMask = 2147483647;
			files = (
				1FB5772E1CE20BFE00ADCF8C /* app_callback.mm in Sources */,
				029F91D31E251214000CA522 /* GPBMessage.m in Sources */,
				1FDE37E01DE5DC7900CAC712 /* CGITask.mm in Sources */,
				029F91CF1E251214000CA522 /* GPBDescriptor.m in Sources */,
				029F91D61E251214000CA522 /* GPBUnknownFieldSet.m in Sources */,
				029F91C81E251214000CA522 /* Api.pbobjc.m in Sources */,
				029F91CB1E251214000CA522 /* FieldMask.pbobjc.m in Sources */,
				029F91D41E251214000CA522 /* GPBRootObject.m in Sources */,
				1FB577311CE20BFE00ADCF8C /* stn_callback.mm in Sources */,
				1F08C1491DE822700098EB97 /* MessageItemsController.m in Sources */,
				029F91CE1E251214000CA522 /* GPBCodedOutputStream.m in Sources */,
				029F91DD1E251214000CA522 /* Type.pbobjc.m in Sources */,
				029F91C71E251214000CA522 /* Any.pbobjc.m in Sources */,
				029F91CD1E251214000CA522 /* GPBCodedInputStream.m in Sources */,
				029F91D71E251214000CA522 /* GPBUtilities.m in Sources */,
				4BDBD14B1E07F611006C62F5 /* NetworkStatus.m in Sources */,
				029F91D11E251214000CA522 /* GPBExtensionInternals.m in Sources */,
				029F91DC1E251214000CA522 /* Timestamp.pbobjc.m in Sources */,
				1F08C14F1DE8238E0098EB97 /* PingServerController.m in Sources */,
				1F08C14C1DE8228D0098EB97 /* MessagesController.m in Sources */,
				029F91731E250CB8000CA522 /* LoginViewController.m in Sources */,
				1F08C1561DE841D90098EB97 /* TopicViewController.m in Sources */,
				1F08C1401DE81A360098EB97 /* DemoEntryController.m in Sources */,
				1FB5777C1CE20E5F00ADCF8C /* main.mm in Sources */,
				029F91D81E251214000CA522 /* GPBWellKnownTypes.m in Sources */,
				029F91C91E251214000CA522 /* Duration.pbobjc.m in Sources */,
				029F91DB1E251214000CA522 /* Struct.pbobjc.m in Sources */,
				1FAEF23D1DEEAA04002F3AA6 /* LogHelper.mm in Sources */,
				029F91861E251205000CA522 /* Person.pbobjc.m in Sources */,
				1FB577301CE20BFE00ADCF8C /* longlink_packer.cc in Sources */,
				029F91D21E251214000CA522 /* GPBExtensionRegistry.m in Sources */,
				029F91CC1E251214000CA522 /* GPBArray.m in Sources */,
				029F91DE1E251214000CA522 /* Wrappers.pbobjc.m in Sources */,
				029F91821E251205000CA522 /* Main.pbobjc.m in Sources */,
				029F91801E251205000CA522 /* Chat.pbobjc.m in Sources */,
				029F91D01E251214000CA522 /* GPBDictionary.m in Sources */,
				029F91CA1E251214000CA522 /* Empty.pbobjc.m in Sources */,
				1FAEF2341DEE81D1002F3AA6 /* LogUtil.m in Sources */,
				029F91D91E251214000CA522 /* GPBWireFormat.m in Sources */,
				1FB576F61CE209A500ADCF8C /* AppDelegate.mm in Sources */,
				029F91D51E251214000CA522 /* GPBUnknownField.m in Sources */,
				1FDE37DA1DE5D45300CAC712 /* NetworkService.mm in Sources */,
				029F91DA1E251214000CA522 /* SourceContext.pbobjc.m in Sources */,
				1F2671C81DD2C227003F00A1 /* shortlink_packer.cc in Sources */,
				029F91841E251205000CA522 /* Messagepush.pbobjc.m in Sources */,
				1F244E731DE6E831005D1BAC /* NetworkEvent.m in Sources */,
			);
			runOnlyForDeploymentPostprocessing = 0;
		};
		1FB577031CE209A500ADCF8C /* Sources */ = {
			isa = PBXSourcesBuildPhase;
			buildActionMask = 2147483647;
			files = (
				1FB5770C1CE209A500ADCF8C /* iOSDemoTests.m in Sources */,
			);
			runOnlyForDeploymentPostprocessing = 0;
		};
		1FB5770E1CE209A500ADCF8C /* Sources */ = {
			isa = PBXSourcesBuildPhase;
			buildActionMask = 2147483647;
			files = (
				1FB577171CE209A500ADCF8C /* iOSDemoUITests.m in Sources */,
			);
			runOnlyForDeploymentPostprocessing = 0;
		};
/* End PBXSourcesBuildPhase section */

/* Begin PBXTargetDependency section */
		1FB577091CE209A500ADCF8C /* PBXTargetDependency */ = {
			isa = PBXTargetDependency;
			target = 1FB576ED1CE209A500ADCF8C /* iOSDemo */;
			targetProxy = 1FB577081CE209A500ADCF8C /* PBXContainerItemProxy */;
		};
		1FB577141CE209A500ADCF8C /* PBXTargetDependency */ = {
			isa = PBXTargetDependency;
			target = 1FB576ED1CE209A500ADCF8C /* iOSDemo */;
			targetProxy = 1FB577131CE209A500ADCF8C /* PBXContainerItemProxy */;
		};
/* End PBXTargetDependency section */

/* Begin PBXVariantGroup section */
		1FB576FA1CE209A500ADCF8C /* Main.storyboard */ = {
			isa = PBXVariantGroup;
			children = (
				1FB576FB1CE209A500ADCF8C /* Base */,
			);
			name = Main.storyboard;
			sourceTree = "<group>";
		};
		1FB576FF1CE209A500ADCF8C /* LaunchScreen.storyboard */ = {
			isa = PBXVariantGroup;
			children = (
				1FB577001CE209A500ADCF8C /* Base */,
			);
			name = LaunchScreen.storyboard;
			sourceTree = "<group>";
		};
/* End PBXVariantGroup section */

/* Begin XCBuildConfiguration section */
		1FB577191CE209A500ADCF8C /* Debug */ = {
			isa = XCBuildConfiguration;
			buildSettings = {
				ALWAYS_SEARCH_USER_PATHS = NO;
				CLANG_CXX_LANGUAGE_STANDARD = "gnu++0x";
				CLANG_CXX_LIBRARY = "libc++";
				CLANG_ENABLE_MODULES = YES;
				CLANG_ENABLE_OBJC_ARC = YES;
				CLANG_WARN_BOOL_CONVERSION = YES;
				CLANG_WARN_CONSTANT_CONVERSION = YES;
				CLANG_WARN_DIRECT_OBJC_ISA_USAGE = YES_ERROR;
				CLANG_WARN_EMPTY_BODY = YES;
				CLANG_WARN_ENUM_CONVERSION = YES;
				CLANG_WARN_INT_CONVERSION = YES;
				CLANG_WARN_OBJC_ROOT_CLASS = YES_ERROR;
				CLANG_WARN_UNREACHABLE_CODE = YES;
				CLANG_WARN__DUPLICATE_METHOD_MATCH = YES;
				"CODE_SIGN_IDENTITY[sdk=iphoneos*]" = "iPhone Developer";
				COPY_PHASE_STRIP = NO;
				DEBUG_INFORMATION_FORMAT = dwarf;
				ENABLE_STRICT_OBJC_MSGSEND = YES;
				ENABLE_TESTABILITY = YES;
				GCC_C_LANGUAGE_STANDARD = gnu99;
				GCC_DYNAMIC_NO_PIC = NO;
				GCC_NO_COMMON_BLOCKS = YES;
				GCC_OPTIMIZATION_LEVEL = 0;
				GCC_PREPROCESSOR_DEFINITIONS = (
					"DEBUG=1",
					"$(inherited)",
				);
				GCC_WARN_64_TO_32_BIT_CONVERSION = YES;
				GCC_WARN_ABOUT_RETURN_TYPE = YES_ERROR;
				GCC_WARN_UNDECLARED_SELECTOR = YES;
				GCC_WARN_UNINITIALIZED_AUTOS = YES_AGGRESSIVE;
				GCC_WARN_UNUSED_FUNCTION = YES;
				GCC_WARN_UNUSED_VARIABLE = YES;
				IPHONEOS_DEPLOYMENT_TARGET = 9.2;
				MTL_ENABLE_DEBUG_INFO = YES;
				ONLY_ACTIVE_ARCH = YES;
				SDKROOT = iphoneos;
			};
			name = Debug;
		};
		1FB5771A1CE209A500ADCF8C /* Release */ = {
			isa = XCBuildConfiguration;
			buildSettings = {
				ALWAYS_SEARCH_USER_PATHS = NO;
				CLANG_CXX_LANGUAGE_STANDARD = "gnu++0x";
				CLANG_CXX_LIBRARY = "libc++";
				CLANG_ENABLE_MODULES = YES;
				CLANG_ENABLE_OBJC_ARC = YES;
				CLANG_WARN_BOOL_CONVERSION = YES;
				CLANG_WARN_CONSTANT_CONVERSION = YES;
				CLANG_WARN_DIRECT_OBJC_ISA_USAGE = YES_ERROR;
				CLANG_WARN_EMPTY_BODY = YES;
				CLANG_WARN_ENUM_CONVERSION = YES;
				CLANG_WARN_INT_CONVERSION = YES;
				CLANG_WARN_OBJC_ROOT_CLASS = YES_ERROR;
				CLANG_WARN_UNREACHABLE_CODE = YES;
				CLANG_WARN__DUPLICATE_METHOD_MATCH = YES;
				"CODE_SIGN_IDENTITY[sdk=iphoneos*]" = "iPhone Developer";
				COPY_PHASE_STRIP = NO;
				DEBUG_INFORMATION_FORMAT = "dwarf-with-dsym";
				ENABLE_NS_ASSERTIONS = NO;
				ENABLE_STRICT_OBJC_MSGSEND = YES;
				GCC_C_LANGUAGE_STANDARD = gnu99;
				GCC_NO_COMMON_BLOCKS = YES;
				GCC_WARN_64_TO_32_BIT_CONVERSION = YES;
				GCC_WARN_ABOUT_RETURN_TYPE = YES_ERROR;
				GCC_WARN_UNDECLARED_SELECTOR = YES;
				GCC_WARN_UNINITIALIZED_AUTOS = YES_AGGRESSIVE;
				GCC_WARN_UNUSED_FUNCTION = YES;
				GCC_WARN_UNUSED_VARIABLE = YES;
				IPHONEOS_DEPLOYMENT_TARGET = 9.2;
				MTL_ENABLE_DEBUG_INFO = NO;
				SDKROOT = iphoneos;
				VALIDATE_PRODUCT = YES;
			};
			name = Release;
		};
		1FB5771C1CE209A500ADCF8C /* Debug */ = {
			isa = XCBuildConfiguration;
			buildSettings = {
				ASSETCATALOG_COMPILER_APPICON_NAME = AppIcon;
				"CODE_SIGN_IDENTITY[sdk=iphoneos*]" = "iPhone Developer";
				DEVELOPMENT_TEAM = 7G2X8H8PPE;
				ENABLE_BITCODE = NO;
				FRAMEWORK_SEARCH_PATHS = (
					"$(inherited)",
					"$(PROJECT_DIR)/Kernel",
					"$(PROJECT_DIR)/Kernel/MarsLib",
					"$(PROJECT_DIR)/Proto",
				);
				INFOPLIST_FILE = iOSDemo/Info.plist;
				IPHONEOS_DEPLOYMENT_TARGET = 8.0;
				LD_RUNPATH_SEARCH_PATHS = "$(inherited) @executable_path/Frameworks";
				PRODUCT_BUNDLE_IDENTIFIER = com.tencent.mars;
				PRODUCT_NAME = "$(TARGET_NAME)";
			};
			name = Debug;
		};
		1FB5771D1CE209A500ADCF8C /* Release */ = {
			isa = XCBuildConfiguration;
			buildSettings = {
				ASSETCATALOG_COMPILER_APPICON_NAME = AppIcon;
				"CODE_SIGN_IDENTITY[sdk=iphoneos*]" = "iPhone Developer";
				DEVELOPMENT_TEAM = 7G2X8H8PPE;
				ENABLE_BITCODE = NO;
				FRAMEWORK_SEARCH_PATHS = (
					"$(inherited)",
					"$(PROJECT_DIR)/Kernel",
					"$(PROJECT_DIR)/Kernel/MarsLib",
					"$(PROJECT_DIR)/Proto",
				);
				INFOPLIST_FILE = iOSDemo/Info.plist;
				IPHONEOS_DEPLOYMENT_TARGET = 8.0;
				LD_RUNPATH_SEARCH_PATHS = "$(inherited) @executable_path/Frameworks";
				PRODUCT_BUNDLE_IDENTIFIER = com.tencent.mars;
				PRODUCT_NAME = "$(TARGET_NAME)";
			};
			name = Release;
		};
		1FB5771F1CE209A500ADCF8C /* Debug */ = {
			isa = XCBuildConfiguration;
			buildSettings = {
				BUNDLE_LOADER = "$(TEST_HOST)";
				INFOPLIST_FILE = iOSDemoTests/Info.plist;
				LD_RUNPATH_SEARCH_PATHS = "$(inherited) @executable_path/Frameworks @loader_path/Frameworks";
				PRODUCT_BUNDLE_IDENTIFIER = com.tencent.iOSDemoTests;
				PRODUCT_NAME = "$(TARGET_NAME)";
				TEST_HOST = "$(BUILT_PRODUCTS_DIR)/iOSDemo.app/iOSDemo";
			};
			name = Debug;
		};
		1FB577201CE209A500ADCF8C /* Release */ = {
			isa = XCBuildConfiguration;
			buildSettings = {
				BUNDLE_LOADER = "$(TEST_HOST)";
				INFOPLIST_FILE = iOSDemoTests/Info.plist;
				LD_RUNPATH_SEARCH_PATHS = "$(inherited) @executable_path/Frameworks @loader_path/Frameworks";
				PRODUCT_BUNDLE_IDENTIFIER = com.tencent.iOSDemoTests;
				PRODUCT_NAME = "$(TARGET_NAME)";
				TEST_HOST = "$(BUILT_PRODUCTS_DIR)/iOSDemo.app/iOSDemo";
			};
			name = Release;
		};
		1FB577221CE209A500ADCF8C /* Debug */ = {
			isa = XCBuildConfiguration;
			buildSettings = {
				INFOPLIST_FILE = iOSDemoUITests/Info.plist;
				LD_RUNPATH_SEARCH_PATHS = "$(inherited) @executable_path/Frameworks @loader_path/Frameworks";
				PRODUCT_BUNDLE_IDENTIFIER = com.tencent.iOSDemoUITests;
				PRODUCT_NAME = "$(TARGET_NAME)";
				TEST_TARGET_NAME = iOSDemo;
				USES_XCTRUNNER = YES;
			};
			name = Debug;
		};
		1FB577231CE209A500ADCF8C /* Release */ = {
			isa = XCBuildConfiguration;
			buildSettings = {
				INFOPLIST_FILE = iOSDemoUITests/Info.plist;
				LD_RUNPATH_SEARCH_PATHS = "$(inherited) @executable_path/Frameworks @loader_path/Frameworks";
				PRODUCT_BUNDLE_IDENTIFIER = com.tencent.iOSDemoUITests;
				PRODUCT_NAME = "$(TARGET_NAME)";
				TEST_TARGET_NAME = iOSDemo;
				USES_XCTRUNNER = YES;
			};
			name = Release;
		};
/* End XCBuildConfiguration section */

/* Begin XCConfigurationList section */
		1FB576E91CE209A500ADCF8C /* Build configuration list for PBXProject "iOSDemo" */ = {
			isa = XCConfigurationList;
			buildConfigurations = (
				1FB577191CE209A500ADCF8C /* Debug */,
				1FB5771A1CE209A500ADCF8C /* Release */,
			);
			defaultConfigurationIsVisible = 0;
			defaultConfigurationName = Release;
		};
		1FB5771B1CE209A500ADCF8C /* Build configuration list for PBXNativeTarget "iOSDemo" */ = {
			isa = XCConfigurationList;
			buildConfigurations = (
				1FB5771C1CE209A500ADCF8C /* Debug */,
				1FB5771D1CE209A500ADCF8C /* Release */,
			);
			defaultConfigurationIsVisible = 0;
			defaultConfigurationName = Release;
		};
		1FB5771E1CE209A500ADCF8C /* Build configuration list for PBXNativeTarget "iOSDemoTests" */ = {
			isa = XCConfigurationList;
			buildConfigurations = (
				1FB5771F1CE209A500ADCF8C /* Debug */,
				1FB577201CE209A500ADCF8C /* Release */,
			);
			defaultConfigurationIsVisible = 0;
			defaultConfigurationName = Release;
		};
		1FB577211CE209A500ADCF8C /* Build configuration list for PBXNativeTarget "iOSDemoUITests" */ = {
			isa = XCConfigurationList;
			buildConfigurations = (
				1FB577221CE209A500ADCF8C /* Debug */,
				1FB577231CE209A500ADCF8C /* Release */,
			);
			defaultConfigurationIsVisible = 0;
			defaultConfigurationName = Release;
		};
/* End XCConfigurationList section */
	};
	rootObject = 1FB576E61CE209A500ADCF8C /* Project object */;
}
