
Microsoft Visual Studio Solution File, Format Version 12.00
# Visual Studio 14
VisualStudioVersion = 14.0.25123.0
MinimumVisualStudioVersion = 10.0.40219.1
Project("{8BC9CEB8-8B4A-11D0-8D11-00A0C91BC942}") = "comm", "..\comm\win32proj\comm.vcxproj", "{9AE7D16D-ACBF-477E-857F-549EBB54A222}"
EndProject
Project("{8BC9CEB8-8B4A-11D0-8D11-00A0C91BC942}") = "baseevent", "..\baseevent\win32proj\baseevent.vcxproj", "{198E58C9-A8AE-49B2-85CF-FCF9349502B1}"
	ProjectSection(ProjectDependencies) = postProject
		{9AE7D16D-ACBF-477E-857F-549EBB54A222} = {9AE7D16D-ACBF-477E-857F-549EBB54A222}
	EndProjectSection
EndProject
Project("{8BC9CEB8-8B4A-11D0-8D11-00A0C91BC942}") = "log", "..\log\win32proj\log.vcxproj", "{8C88F244-E839-46AE-974D-78311B22ADDE}"
	ProjectSection(ProjectDependencies) = postProject
		{9AE7D16D-ACBF-477E-857F-549EBB54A222} = {9AE7D16D-ACBF-477E-857F-549EBB54A222}
	EndProjectSection
EndProject
Project("{8BC9CEB8-8B4A-11D0-8D11-00A0C91BC942}") = "sdt", "..\sdt\win32proj\sdt.vcxproj", "{15EDF6FB-BBB4-4F3D-B40B-B706FA89F542}"
	ProjectSection(ProjectDependencies) = postProject
		{A941CF29-3C28-464B-80D5-DFCB8A3C57A9} = {A941CF29-3C28-464B-80D5-DFCB8A3C57A9}
		{8C88F244-E839-46AE-974D-78311B22ADDE} = {8C88F244-E839-46AE-974D-78311B22ADDE}
		{9AE7D16D-ACBF-477E-857F-549EBB54A222} = {9AE7D16D-ACBF-477E-857F-549EBB54A222}
		{198E58C9-A8AE-49B2-85CF-FCF9349502B1} = {198E58C9-A8AE-49B2-85CF-FCF9349502B1}
	EndProjectSection
EndProject
Project("{8BC9CEB8-8B4A-11D0-8D11-00A0C91BC942}") = "stn", "..\stn\win32proj\stn.vcxproj", "{B81E4487-DFE2-4F15-A2E0-240C3DA26459}"
	ProjectSection(ProjectDependencies) = postProject
		{8C88F244-E839-46AE-974D-78311B22ADDE} = {8C88F244-E839-46AE-974D-78311B22ADDE}
		{9AE7D16D-ACBF-477E-857F-549EBB54A222} = {9AE7D16D-ACBF-477E-857F-549EBB54A222}
		{198E58C9-A8AE-49B2-85CF-FCF9349502B1} = {198E58C9-A8AE-49B2-85CF-FCF9349502B1}
	EndProjectSection
EndProject
Project("{8BC9CEB8-8B4A-11D0-8D11-00A0C91BC942}") = "app", "..\app\win32proj\app.vcxproj", "{A941CF29-3C28-464B-80D5-DFCB8A3C57A9}"
	ProjectSection(ProjectDependencies) = postProject
		{9AE7D16D-ACBF-477E-857F-549EBB54A222} = {9AE7D16D-ACBF-477E-857F-549EBB54A222}
	EndProjectSection
EndProject
Project("{8BC9CEB8-8B4A-11D0-8D11-00A0C91BC942}") = "mars", "mars.vcxproj", "{E81FA611-DAB9-46B0-B9AD-F3DAC0ACE641}"
	ProjectSection(ProjectDependencies) = postProject
		{A941CF29-3C28-464B-80D5-DFCB8A3C57A9} = {A941CF29-3C28-464B-80D5-DFCB8A3C57A9}
		{8C88F244-E839-46AE-974D-78311B22ADDE} = {8C88F244-E839-46AE-974D-78311B22ADDE}
		{9AE7D16D-ACBF-477E-857F-549EBB54A222} = {9AE7D16D-ACBF-477E-857F-549EBB54A222}
		{B81E4487-DFE2-4F15-A2E0-240C3DA26459} = {B81E4487-DFE2-4F15-A2E0-240C3DA26459}
		{198E58C9-A8AE-49B2-85CF-FCF9349502B1} = {198E58C9-A8AE-49B2-85CF-FCF9349502B1}
		{15EDF6FB-BBB4-4F3D-B40B-B706FA89F542} = {15EDF6FB-BBB4-4F3D-B40B-B706FA89F542}
	EndProjectSection
EndProject
Project("{8BC9CEB8-8B4A-11D0-8D11-00A0C91BC942}") = "win32test", "..\samples\win32test\win32test.vcxproj", "{E257303E-B8AF-4FA9-9D0C-EDC3EF307E45}"
EndProject
Project("{8BC9CEB8-8B4A-11D0-8D11-00A0C91BC942}") = "boost", "..\boost\boost.vcxproj", "{0F71334B-8B28-4106-A8A5-9E4F46B195EE}"
EndProject
Global
	GlobalSection(SolutionConfigurationPlatforms) = preSolution
		Debug|Win32 = Debug|Win32
		Debug|x64 = Debug|x64
		Release|Win32 = Release|Win32
		Release|x64 = Release|x64
	EndGlobalSection
	GlobalSection(ProjectConfigurationPlatforms) = postSolution
		{9AE7D16D-ACBF-477E-857F-549EBB54A222}.Debug|Win32.ActiveCfg = Debug|Win32
		{9AE7D16D-ACBF-477E-857F-549EBB54A222}.Debug|Win32.Build.0 = Debug|Win32
		{9AE7D16D-ACBF-477E-857F-549EBB54A222}.Debug|x64.ActiveCfg = Debug|Win32
		{9AE7D16D-ACBF-477E-857F-549EBB54A222}.Release|Win32.ActiveCfg = Release|Win32
		{9AE7D16D-ACBF-477E-857F-549EBB54A222}.Release|Win32.Build.0 = Release|Win32
		{9AE7D16D-ACBF-477E-857F-549EBB54A222}.Release|x64.ActiveCfg = Release|Win32
		{198E58C9-A8AE-49B2-85CF-FCF9349502B1}.Debug|Win32.ActiveCfg = Debug|Win32
		{198E58C9-A8AE-49B2-85CF-FCF9349502B1}.Debug|Win32.Build.0 = Debug|Win32
		{198E58C9-A8AE-49B2-85CF-FCF9349502B1}.Debug|x64.ActiveCfg = Debug|Win32
		{198E58C9-A8AE-49B2-85CF-FCF9349502B1}.Release|Win32.ActiveCfg = Release|Win32
		{198E58C9-A8AE-49B2-85CF-FCF9349502B1}.Release|Win32.Build.0 = Release|Win32
		{198E58C9-A8AE-49B2-85CF-FCF9349502B1}.Release|x64.ActiveCfg = Release|Win32
		{8C88F244-E839-46AE-974D-78311B22ADDE}.Debug|Win32.ActiveCfg = Debug|Win32
		{8C88F244-E839-46AE-974D-78311B22ADDE}.Debug|Win32.Build.0 = Debug|Win32
		{8C88F244-E839-46AE-974D-78311B22ADDE}.Debug|x64.ActiveCfg = Debug|Win32
		{8C88F244-E839-46AE-974D-78311B22ADDE}.Release|Win32.ActiveCfg = Release|Win32
		{8C88F244-E839-46AE-974D-78311B22ADDE}.Release|Win32.Build.0 = Release|Win32
		{8C88F244-E839-46AE-974D-78311B22ADDE}.Release|x64.ActiveCfg = Release|Win32
		{15EDF6FB-BBB4-4F3D-B40B-B706FA89F542}.Debug|Win32.ActiveCfg = Debug|Win32
		{15EDF6FB-BBB4-4F3D-B40B-B706FA89F542}.Debug|Win32.Build.0 = Debug|Win32
		{15EDF6FB-BBB4-4F3D-B40B-B706FA89F542}.Debug|x64.ActiveCfg = Debug|Win32
		{15EDF6FB-BBB4-4F3D-B40B-B706FA89F542}.Release|Win32.ActiveCfg = Release|Win32
		{15EDF6FB-BBB4-4F3D-B40B-B706FA89F542}.Release|Win32.Build.0 = Release|Win32
		{15EDF6FB-BBB4-4F3D-B40B-B706FA89F542}.Release|x64.ActiveCfg = Release|Win32
		{B81E4487-DFE2-4F15-A2E0-240C3DA26459}.Debug|Win32.ActiveCfg = Debug|Win32
		{B81E4487-DFE2-4F15-A2E0-240C3DA26459}.Debug|Win32.Build.0 = Debug|Win32
		{B81E4487-DFE2-4F15-A2E0-240C3DA26459}.Debug|x64.ActiveCfg = Debug|Win32
		{B81E4487-DFE2-4F15-A2E0-240C3DA26459}.Release|Win32.ActiveCfg = Release|Win32
		{B81E4487-DFE2-4F15-A2E0-240C3DA26459}.Release|Win32.Build.0 = Release|Win32
		{B81E4487-DFE2-4F15-A2E0-240C3DA26459}.Release|x64.ActiveCfg = Release|Win32
		{A941CF29-3C28-464B-80D5-DFCB8A3C57A9}.Debug|Win32.ActiveCfg = Debug|Win32
		{A941CF29-3C28-464B-80D5-DFCB8A3C57A9}.Debug|Win32.Build.0 = Debug|Win32
		{A941CF29-3C28-464B-80D5-DFCB8A3C57A9}.Debug|x64.ActiveCfg = Debug|Win32
		{A941CF29-3C28-464B-80D5-DFCB8A3C57A9}.Release|Win32.ActiveCfg = Release|Win32
		{A941CF29-3C28-464B-80D5-DFCB8A3C57A9}.Release|Win32.Build.0 = Release|Win32
		{A941CF29-3C28-464B-80D5-DFCB8A3C57A9}.Release|x64.ActiveCfg = Release|Win32
		{E81FA611-DAB9-46B0-B9AD-F3DAC0ACE641}.Debug|Win32.ActiveCfg = Debug|Win32
		{E81FA611-DAB9-46B0-B9AD-F3DAC0ACE641}.Debug|Win32.Build.0 = Debug|Win32
		{E81FA611-DAB9-46B0-B9AD-F3DAC0ACE641}.Debug|x64.ActiveCfg = Debug|Win32
		{E81FA611-DAB9-46B0-B9AD-F3DAC0ACE641}.Release|Win32.ActiveCfg = Release|Win32
		{E81FA611-DAB9-46B0-B9AD-F3DAC0ACE641}.Release|Win32.Build.0 = Release|Win32
		{E81FA611-DAB9-46B0-B9AD-F3DAC0ACE641}.Release|x64.ActiveCfg = Release|Win32
		{E257303E-B8AF-4FA9-9D0C-EDC3EF307E45}.Debug|Win32.ActiveCfg = Debug|Win32
		{E257303E-B8AF-4FA9-9D0C-EDC3EF307E45}.Debug|Win32.Build.0 = Debug|Win32
		{E257303E-B8AF-4FA9-9D0C-EDC3EF307E45}.Debug|x64.ActiveCfg = Debug|Win32
		{E257303E-B8AF-4FA9-9D0C-EDC3EF307E45}.Release|Win32.ActiveCfg = Release|Win32
		{E257303E-B8AF-4FA9-9D0C-EDC3EF307E45}.Release|Win32.Build.0 = Release|Win32
		{E257303E-B8AF-4FA9-9D0C-EDC3EF307E45}.Release|x64.ActiveCfg = Release|Win32
		{0F71334B-8B28-4106-A8A5-9E4F46B195EE}.Debug|Win32.ActiveCfg = Debug|Win32
		{0F71334B-8B28-4106-A8A5-9E4F46B195EE}.Debug|Win32.Build.0 = Debug|Win32
		{0F71334B-8B28-4106-A8A5-9E4F46B195EE}.Debug|x64.ActiveCfg = Debug|x64
		{0F71334B-8B28-4106-A8A5-9E4F46B195EE}.Debug|x64.Build.0 = Debug|x64
		{0F71334B-8B28-4106-A8A5-9E4F46B195EE}.Release|Win32.ActiveCfg = Release|Win32
		{0F71334B-8B28-4106-A8A5-9E4F46B195EE}.Release|Win32.Build.0 = Release|Win32
		{0F71334B-8B28-4106-A8A5-9E4F46B195EE}.Release|x64.ActiveCfg = Release|x64
		{0F71334B-8B28-4106-A8A5-9E4F46B195EE}.Release|x64.Build.0 = Release|x64
	EndGlobalSection
	GlobalSection(SolutionProperties) = preSolution
		HideSolutionNode = FALSE
	EndGlobalSection
EndGlobal
